{
  "version": 4,
  "terraform_version": "1.9.5",
  "serial": 189,
  "lineage": "0ba4c063-41ef-a121-9c0e-0aaa58557457",
  "outputs": {
    "cvm_public_ip": {
      "value": "129.226.55.13",
      "type": "string"
    },
    "kube_config": {
      "value": "export KUBECONFIG='$(pwd)/module/k3s/config.yaml'",
      "type": "string"
    },
    "ssh_password": {
      "value": "password123",
      "type": "string"
    }
  },
  "resources": [
    {
      "module": "module.cvm",
      "mode": "data",
      "type": "tencentcloud_availability_zones_by_product",
      "name": "default",
      "provider": "module.cvm.provider[\"registry.terraform.io/tencentcloudstack/tencentcloud\"]",
      "instances": [
        {
          "schema_version": 0,
          "attributes": {
            "id": "1851109860",
            "include_unavailable": null,
            "name": null,
            "product": "cvm",
            "result_output_file": null,
            "zones": [
              {
                "description": "Hong Kong Zone 2",
                "id": "300002",
                "name": "ap-hongkong-2",
                "state": "AVAILABLE"
              },
              {
                "description": "Hong Kong Zone 3",
                "id": "300003",
                "name": "ap-hongkong-3",
                "state": "AVAILABLE"
              }
            ]
          },
          "sensitive_attributes": []
        }
      ]
    },
    {
      "module": "module.cvm",
      "mode": "data",
      "type": "tencentcloud_images",
      "name": "default",
      "provider": "module.cvm.provider[\"registry.terraform.io/tencentcloudstack/tencentcloud\"]",
      "instances": [
        {
          "schema_version": 0,
          "attributes": {
            "id": "3641541816",
            "image_id": null,
            "image_name_regex": null,
            "image_type": [
              "PUBLIC_IMAGE"
            ],
            "images": [
              {
                "architecture": "x86_64",
                "created_time": "",
                "image_creator": "",
                "image_description": "Ubuntu Server 22.04 LTS 64bit",
                "image_id": "img-487zeit5",
                "image_name": "Ubuntu Server 22.04 LTS 64bit",
                "image_size": 20,
                "image_source": "OFFICIAL",
                "image_state": "NORMAL",
                "image_type": "PUBLIC_IMAGE",
                "os_name": "Ubuntu Server 22.04 LTS 64bit",
                "platform": "Ubuntu",
                "snapshots": [],
                "support_cloud_init": true,
                "sync_percent": 0
              },
              {
                "architecture": "x86_64",
                "created_time": "",
                "image_creator": "",
                "image_description": "Ubuntu Server 24.04 LTS 64bit",
                "image_id": "img-mmytdhbn",
                "image_name": "Ubuntu Server 24.04 LTS 64bit",
                "image_size": 20,
                "image_source": "OFFICIAL",
                "image_state": "NORMAL",
                "image_type": "PUBLIC_IMAGE",
                "os_name": "Ubuntu Server 24.04 LTS 64bit",
                "platform": "Ubuntu",
                "snapshots": [],
                "support_cloud_init": true,
                "sync_percent": 0
              },
              {
                "architecture": "x86_64",
                "created_time": "",
                "image_creator": "",
                "image_description": "Ubuntu Server 22.04 LTS 64bit GRID16.2",
                "image_id": "img-fipweiwz",
                "image_name": "Ubuntu Server 22.04 LTS 64bit GRID16.2",
                "image_size": 20,
                "image_source": "OFFICIAL",
                "image_state": "NORMAL",
                "image_type": "PUBLIC_IMAGE",
                "os_name": "Ubuntu Server 22.04 LTS 64bit GRID16.2",
                "platform": "Ubuntu",
                "snapshots": [],
                "support_cloud_init": true,
                "sync_percent": 0
              },
              {
                "architecture": "x86_64",
                "created_time": "",
                "image_creator": "",
                "image_description": "Ubuntu Server 22.04 LTS 64bit UEFI版",
                "image_id": "img-7rotv4ux",
                "image_name": "Ubuntu Server 22.04 LTS 64bit UEFI版",
                "image_size": 20,
                "image_source": "OFFICIAL",
                "image_state": "NORMAL",
                "image_type": "PUBLIC_IMAGE",
                "os_name": "Ubuntu Server 22.04 LTS 64bit UEFI版",
                "platform": "Ubuntu",
                "snapshots": [],
                "support_cloud_init": true,
                "sync_percent": 0
              },
              {
                "architecture": "x86_64",
                "created_time": "",
                "image_creator": "",
                "image_description": "Ubuntu Server 22.04 LTS (TK4) 64bit UEFI版",
                "image_id": "img-gtti6pcv",
                "image_name": "Ubuntu Server 22.04 LTS (TK4) 64bit UEFI版",
                "image_size": 20,
                "image_source": "OFFICIAL",
                "image_state": "NORMAL",
                "image_type": "PUBLIC_IMAGE",
                "os_name": "Ubuntu Server 22.04 LTS (TK4) 64bit UEFI版",
                "platform": "Ubuntu",
                "snapshots": [],
                "support_cloud_init": true,
                "sync_percent": 0
              },
              {
                "architecture": "arm",
                "created_time": "",
                "image_creator": "",
                "image_description": "Ubuntu 22.04(arm64)",
                "image_id": "img-i17kwgfp",
                "image_name": "Ubuntu 22.04(arm64)",
                "image_size": 20,
                "image_source": "OFFICIAL",
                "image_state": "NORMAL",
                "image_type": "PUBLIC_IMAGE",
                "os_name": "Ubuntu 22.04(arm64)",
                "platform": "Ubuntu",
                "snapshots": [],
                "support_cloud_init": true,
                "sync_percent": 0
              },
              {
                "architecture": "x86_64",
                "created_time": "",
                "image_creator": "",
                "image_description": "Ubuntu Server 20.04 LTS 64bit",
                "image_id": "img-22trbn9x",
                "image_name": "Ubuntu Server 20.04 LTS 64bit",
                "image_size": 20,
                "image_source": "OFFICIAL",
                "image_state": "NORMAL",
                "image_type": "PUBLIC_IMAGE",
                "os_name": "Ubuntu Server 20.04 LTS 64bit",
                "platform": "Ubuntu",
                "snapshots": [],
                "support_cloud_init": true,
                "sync_percent": 0
              },
              {
                "architecture": "x86_64",
                "created_time": "",
                "image_creator": "",
                "image_description": "Ubuntu Server 20.04 LTS 64bit GRID16.2",
                "image_id": "img-rx55p5nv",
                "image_name": "Ubuntu Server 20.04 LTS 64bit GRID16.2",
                "image_size": 20,
                "image_source": "OFFICIAL",
                "image_state": "NORMAL",
                "image_type": "PUBLIC_IMAGE",
                "os_name": "Ubuntu Server 20.04 LTS 64bit GRID16.2",
                "platform": "Ubuntu",
                "snapshots": [],
                "support_cloud_init": true,
                "sync_percent": 0
              },
              {
                "architecture": "x86_64",
                "created_time": "",
                "image_creator": "",
                "image_description": "Ubuntu Server 20.04 LTS 64bit GRID11.1",
                "image_id": "img-j10l2cnz",
                "image_name": "Ubuntu Server 20.04 LTS 64bit GRID11.1",
                "image_size": 20,
                "image_source": "OFFICIAL",
                "image_state": "NORMAL",
                "image_type": "PUBLIC_IMAGE",
                "os_name": "Ubuntu Server 20.04 LTS 64bit GRID11.1",
                "platform": "Ubuntu",
                "snapshots": [],
                "support_cloud_init": true,
                "sync_percent": 0
              },
              {
                "architecture": "arm",
                "created_time": "",
                "image_creator": "",
                "image_description": "Ubuntu 20.04(arm64)",
                "image_id": "img-2eokmhf5",
                "image_name": "Ubuntu 20.04(arm64)",
                "image_size": 20,
                "image_source": "OFFICIAL",
                "image_state": "NORMAL",
                "image_type": "PUBLIC_IMAGE",
                "os_name": "Ubuntu 20.04(arm64)",
                "platform": "Ubuntu",
                "snapshots": [],
                "support_cloud_init": true,
                "sync_percent": 0
              },
              {
                "architecture": "x86_64",
                "created_time": "",
                "image_creator": "",
                "image_description": "Ubuntu Server 18.04 LTS 64bit",
                "image_id": "img-pi0ii46r",
                "image_name": "Ubuntu Server 18.04 LTS 64bit",
                "image_size": 20,
                "image_source": "OFFICIAL",
                "image_state": "NORMAL",
                "image_type": "PUBLIC_IMAGE",
                "os_name": "Ubuntu Server 18.04 LTS 64bit",
                "platform": "Ubuntu",
                "snapshots": [],
                "support_cloud_init": true,
                "sync_percent": 0
              },
              {
                "architecture": "arm",
                "created_time": "",
                "image_creator": "",
                "image_description": "Ubuntu 18.04(arm64)",
                "image_id": "img-9eh8c1p1",
                "image_name": "Ubuntu 18.04(arm64)",
                "image_size": 20,
                "image_source": "OFFICIAL",
                "image_state": "NORMAL",
                "image_type": "PUBLIC_IMAGE",
                "os_name": "Ubuntu 18.04(arm64)",
                "platform": "Ubuntu",
                "snapshots": [],
                "support_cloud_init": true,
                "sync_percent": 0
              },
              {
                "architecture": "x86_64",
                "created_time": "",
                "image_creator": "",
                "image_description": "Ubuntu Server 16.04 LTS 64bit",
                "image_id": "img-pyqx34y1",
                "image_name": "Ubuntu Server 16.04 LTS 64bit",
                "image_size": 20,
                "image_source": "OFFICIAL",
                "image_state": "NORMAL",
                "image_type": "PUBLIC_IMAGE",
                "os_name": "Ubuntu Server 16.04 LTS 64bit",
                "platform": "Ubuntu",
                "snapshots": [],
                "support_cloud_init": true,
                "sync_percent": 0
              },
              {
                "architecture": "i386",
                "created_time": "",
                "image_creator": "",
                "image_description": "Ubuntu Server 16.04 LTS 32bit",
                "image_id": "img-8u6dn6p1",
                "image_name": "Ubuntu Server 16.04 LTS 32bit",
                "image_size": 20,
                "image_source": "OFFICIAL",
                "image_state": "NORMAL",
                "image_type": "PUBLIC_IMAGE",
                "os_name": "Ubuntu Server 16.04 LTS 32bit",
                "platform": "Ubuntu",
                "snapshots": [],
                "support_cloud_init": true,
                "sync_percent": 0
              },
              {
                "architecture": "x86_64",
                "created_time": "",
                "image_creator": "",
                "image_description": "Ubuntu Server 14.04 LTS 64bit",
                "image_id": "img-3wnd9xpl",
                "image_name": "Ubuntu Server 14.04 LTS 64bit",
                "image_size": 20,
                "image_source": "OFFICIAL",
                "image_state": "NORMAL",
                "image_type": "PUBLIC_IMAGE",
                "os_name": "Ubuntu Server 14.04 LTS 64bit",
                "platform": "Ubuntu",
                "snapshots": [],
                "support_cloud_init": true,
                "sync_percent": 0
              },
              {
                "architecture": "i386",
                "created_time": "",
                "image_creator": "",
                "image_description": "Ubuntu Server 14.04 LTS 32bit",
                "image_id": "img-qpxvpujt",
                "image_name": "Ubuntu Server 14.04 LTS 32bit",
                "image_size": 50,
                "image_source": "OFFICIAL",
                "image_state": "NORMAL",
                "image_type": "PUBLIC_IMAGE",
                "os_name": "Ubuntu Server 14.04 LTS 32bit",
                "platform": "Ubuntu",
                "snapshots": [],
                "support_cloud_init": false,
                "sync_percent": 0
              }
            ],
            "instance_type": null,
            "os_name": "ubuntu",
            "result_output_file": null
          },
          "sensitive_attributes": []
        }
      ]
    },
    {
      "module": "module.cvm",
      "mode": "data",
      "type": "tencentcloud_instance_types",
      "name": "default",
      "provider": "module.cvm.provider[\"registry.terraform.io/tencentcloudstack/tencentcloud\"]",
      "instances": [
        {
          "schema_version": 0,
          "attributes": {
            "availability_zone": null,
            "cpu_core_count": 8,
            "exclude_sold_out": false,
            "filter": [
              {
                "name": "instance-family",
                "values": [
                  "SA5"
                ]
              },
              {
                "name": "zone",
                "values": [
                  "ap-hongkong-2"
                ]
              }
            ],
            "gpu_core_count": null,
            "id": "3501355578",
            "instance_types": [
              {
                "availability_zone": "ap-hongkong-2",
                "cpu_core_count": 8,
                "family": "SA5",
                "gpu_core_count": 0,
                "instance_charge_type": "PREPAID",
                "instance_type": "SA5.2XLARGE16",
                "memory_size": 16,
                "status": "SELL"
              },
              {
                "availability_zone": "ap-hongkong-2",
                "cpu_core_count": 8,
                "family": "SA5",
                "gpu_core_count": 0,
                "instance_charge_type": "POSTPAID_BY_HOUR",
                "instance_type": "SA5.2XLARGE16",
                "memory_size": 16,
                "status": "SELL"
              },
              {
                "availability_zone": "ap-hongkong-2",
                "cpu_core_count": 8,
                "family": "SA5",
                "gpu_core_count": 0,
                "instance_charge_type": "SPOTPAID",
                "instance_type": "SA5.2XLARGE16",
                "memory_size": 16,
                "status": "SELL"
              }
            ],
            "memory_size": 16,
            "result_output_file": null
          },
          "sensitive_attributes": []
        }
      ]
    },
    {
      "module": "module.cvm",
      "mode": "managed",
      "type": "tencentcloud_instance",
      "name": "ubuntu",
      "provider": "module.cvm.provider[\"registry.terraform.io/tencentcloudstack/tencentcloud\"]",
      "instances": [
        {
          "schema_version": 0,
          "attributes": {
            "allocate_public_ip": true,
            "availability_zone": "ap-hongkong-2",
            "bandwidth_package_id": null,
            "cam_role_name": "",
            "cdh_host_id": null,
            "cdh_instance_type": null,
            "create_time": "2025-02-24T14:06:08Z",
            "data_disks": [],
            "disable_api_termination": false,
            "disable_monitor_service": false,
            "disable_security_service": false,
            "expired_time": "",
            "force_delete": false,
            "hostname": "terraform-cvm-k8s",
            "id": "ins-n2jh443k",
            "image_id": "img-487zeit5",
            "instance_charge_type": "SPOTPAID",
            "instance_charge_type_prepaid_period": null,
            "instance_charge_type_prepaid_renew_flag": "",
            "instance_count": null,
            "instance_name": "terraform-cvm-k8s",
            "instance_status": "RUNNING",
            "instance_type": "SA5.2XLARGE16",
            "internet_charge_type": "TRAFFIC_POSTPAID_BY_HOUR",
            "internet_max_bandwidth_out": 100,
            "keep_image_login": null,
            "key_ids": [
              ""
            ],
            "key_name": "",
            "orderly_security_groups": [
              "sg-ajhpz16d"
            ],
            "password": "password123",
            "placement_group_id": null,
            "private_ip": "10.0.1.6",
            "project_id": 0,
            "public_ip": "129.226.55.13",
            "running_flag": true,
            "security_groups": [
              "sg-ajhpz16d"
            ],
            "spot_instance_type": null,
            "spot_max_price": null,
            "stopped_mode": null,
            "subnet_id": "subnet-kgiorgbz",
            "system_disk_id": "disk-44iv09fo",
            "system_disk_size": 100,
            "system_disk_type": "CLOUD_BSSD",
            "tags": {
              "dev": "tf-dev",
              "web": "tf-web"
            },
            "user_data": null,
            "user_data_raw": null,
            "vpc_id": "vpc-8j7dkxa6"
          },
          "sensitive_attributes": [
            [
              {
                "type": "get_attr",
                "value": "password"
              }
            ]
          ],
          "private": "bnVsbA==",
          "dependencies": [
            "module.cvm.data.tencentcloud_images.default",
            "module.cvm.data.tencentcloud_instance_types.default",
            "module.cvm.tencentcloud_route_table.tf_routetable",
            "module.cvm.tencentcloud_security_group.web_sg",
            "module.cvm.tencentcloud_subnet.tf_service_subnet",
            "module.cvm.tencentcloud_vpc.tf_vpc"
          ]
        }
      ]
    },
    {
      "module": "module.cvm",
      "mode": "managed",
      "type": "tencentcloud_route_table",
      "name": "tf_routetable",
      "provider": "module.cvm.provider[\"registry.terraform.io/tencentcloudstack/tencentcloud\"]",
      "instances": [
        {
          "schema_version": 0,
          "attributes": {
            "create_time": "2025-02-24 22:05:34",
            "id": "rtb-r4gxfpz1",
            "is_default": false,
            "name": "tf-rt",
            "route_entry_ids": [],
            "subnet_ids": [],
            "tags": null,
            "vpc_id": "vpc-8j7dkxa6"
          },
          "sensitive_attributes": [],
          "private": "bnVsbA==",
          "dependencies": [
            "module.cvm.tencentcloud_vpc.tf_vpc"
          ]
        }
      ]
    },
    {
      "module": "module.cvm",
      "mode": "managed",
      "type": "tencentcloud_security_group",
      "name": "web_sg",
      "provider": "module.cvm.provider[\"registry.terraform.io/tencentcloudstack/tencentcloud\"]",
      "instances": [
        {
          "schema_version": 0,
          "attributes": {
            "description": "make it accessible for both production and stage ports",
            "id": "sg-ajhpz16d",
            "name": "web-sg",
            "project_id": 0,
            "tags": null
          },
          "sensitive_attributes": [],
          "private": "bnVsbA=="
        }
      ]
    },
    {
      "module": "module.cvm",
      "mode": "managed",
      "type": "tencentcloud_security_group_rule",
      "name": "all",
      "provider": "module.cvm.provider[\"registry.terraform.io/tencentcloudstack/tencentcloud\"]",
      "instances": [
        {
          "schema_version": 0,
          "attributes": {
            "address_template": null,
            "cidr_ip": "0.0.0.0/0",
            "description": "",
            "id": "eyJzZ19pZCI6InNnLWFqaHB6MTZkIiwicG9saWN5X3R5cGUiOiJpbmdyZXNzIiwiY2lkcl9pcCI6IjAuMC4wLjAvMCIsInByb3RvY29sIjoidGNwIiwicG9ydF9yYW5nZSI6IkFMTCIsImFjdGlvbiI6ImFjY2VwdCIsInNvdXJjZV9zZ19pZCI6IiIsImRlc2NyaXB0aW9uIjoiIn0=",
            "ip_protocol": "tcp",
            "policy": "accept",
            "policy_index": null,
            "port_range": "ALL",
            "protocol_template": null,
            "security_group_id": "sg-ajhpz16d",
            "source_sgid": null,
            "type": "ingress"
          },
          "sensitive_attributes": [],
          "private": "bnVsbA==",
          "dependencies": [
            "module.cvm.tencentcloud_security_group.web_sg"
          ]
        }
      ]
    },
    {
      "module": "module.cvm",
      "mode": "managed",
      "type": "tencentcloud_security_group_rule",
      "name": "grafana",
      "provider": "module.cvm.provider[\"registry.terraform.io/tencentcloudstack/tencentcloud\"]",
      "instances": [
        {
          "schema_version": 0,
          "attributes": {
            "address_template": null,
            "cidr_ip": "0.0.0.0/0",
            "description": "",
            "id": "eyJzZ19pZCI6InNnLWFqaHB6MTZkIiwicG9saWN5X3R5cGUiOiJpbmdyZXNzIiwiY2lkcl9pcCI6IjAuMC4wLjAvMCIsInByb3RvY29sIjoidGNwIiwicG9ydF9yYW5nZSI6IjMwMDgwIiwiYWN0aW9uIjoiYWNjZXB0Iiwic291cmNlX3NnX2lkIjoiIiwiZGVzY3JpcHRpb24iOiIifQ==",
            "ip_protocol": "tcp",
            "policy": "accept",
            "policy_index": null,
            "port_range": "30080",
            "protocol_template": null,
            "security_group_id": "sg-ajhpz16d",
            "source_sgid": null,
            "type": "ingress"
          },
          "sensitive_attributes": [],
          "private": "bnVsbA==",
          "dependencies": [
            "module.cvm.tencentcloud_security_group.web_sg"
          ]
        }
      ]
    },
    {
      "module": "module.cvm",
      "mode": "managed",
      "type": "tencentcloud_security_group_rule",
      "name": "http",
      "provider": "module.cvm.provider[\"registry.terraform.io/tencentcloudstack/tencentcloud\"]",
      "instances": [
        {
          "schema_version": 0,
          "attributes": {
            "address_template": null,
            "cidr_ip": "0.0.0.0/0",
            "description": "",
            "id": "eyJzZ19pZCI6InNnLWFqaHB6MTZkIiwicG9saWN5X3R5cGUiOiJpbmdyZXNzIiwiY2lkcl9pcCI6IjAuMC4wLjAvMCIsInByb3RvY29sIjoidGNwIiwicG9ydF9yYW5nZSI6IjgwIiwiYWN0aW9uIjoiYWNjZXB0Iiwic291cmNlX3NnX2lkIjoiIiwiZGVzY3JpcHRpb24iOiIifQ==",
            "ip_protocol": "tcp",
            "policy": "accept",
            "policy_index": null,
            "port_range": "80",
            "protocol_template": null,
            "security_group_id": "sg-ajhpz16d",
            "source_sgid": null,
            "type": "ingress"
          },
          "sensitive_attributes": [],
          "private": "bnVsbA==",
          "dependencies": [
            "module.cvm.tencentcloud_security_group.web_sg"
          ]
        }
      ]
    },
    {
      "module": "module.cvm",
      "mode": "managed",
      "type": "tencentcloud_security_group_rule",
      "name": "https",
      "provider": "module.cvm.provider[\"registry.terraform.io/tencentcloudstack/tencentcloud\"]",
      "instances": [
        {
          "schema_version": 0,
          "attributes": {
            "address_template": null,
            "cidr_ip": "0.0.0.0/0",
            "description": "",
            "id": "eyJzZ19pZCI6InNnLWFqaHB6MTZkIiwicG9saWN5X3R5cGUiOiJpbmdyZXNzIiwiY2lkcl9pcCI6IjAuMC4wLjAvMCIsInByb3RvY29sIjoidGNwIiwicG9ydF9yYW5nZSI6IjQ0MyIsImFjdGlvbiI6ImFjY2VwdCIsInNvdXJjZV9zZ19pZCI6IiIsImRlc2NyaXB0aW9uIjoiIn0=",
            "ip_protocol": "tcp",
            "policy": "accept",
            "policy_index": null,
            "port_range": "443",
            "protocol_template": null,
            "security_group_id": "sg-ajhpz16d",
            "source_sgid": null,
            "type": "ingress"
          },
          "sensitive_attributes": [],
          "private": "bnVsbA==",
          "dependencies": [
            "module.cvm.tencentcloud_security_group.web_sg"
          ]
        }
      ]
    },
    {
      "module": "module.cvm",
      "mode": "managed",
      "type": "tencentcloud_security_group_rule",
      "name": "icmp",
      "provider": "module.cvm.provider[\"registry.terraform.io/tencentcloudstack/tencentcloud\"]",
      "instances": [
        {
          "schema_version": 0,
          "attributes": {
            "address_template": null,
            "cidr_ip": "0.0.0.0/0",
            "description": "",
            "id": "eyJzZ19pZCI6InNnLWFqaHB6MTZkIiwicG9saWN5X3R5cGUiOiJpbmdyZXNzIiwiY2lkcl9pcCI6IjAuMC4wLjAvMCIsInByb3RvY29sIjoiaWNtcCIsInBvcnRfcmFuZ2UiOiJBTEwiLCJhY3Rpb24iOiJhY2NlcHQiLCJzb3VyY2Vfc2dfaWQiOiIiLCJkZXNjcmlwdGlvbiI6IiJ9",
            "ip_protocol": "icmp",
            "policy": "accept",
            "policy_index": null,
            "port_range": "ALL",
            "protocol_template": null,
            "security_group_id": "sg-ajhpz16d",
            "source_sgid": null,
            "type": "ingress"
          },
          "sensitive_attributes": [],
          "private": "bnVsbA==",
          "dependencies": [
            "module.cvm.tencentcloud_security_group.web_sg"
          ]
        }
      ]
    },
    {
      "module": "module.cvm",
      "mode": "managed",
      "type": "tencentcloud_security_group_rule",
      "name": "k8s",
      "provider": "module.cvm.provider[\"registry.terraform.io/tencentcloudstack/tencentcloud\"]",
      "instances": [
        {
          "schema_version": 0,
          "attributes": {
            "address_template": null,
            "cidr_ip": "0.0.0.0/0",
            "description": "",
            "id": "eyJzZ19pZCI6InNnLWFqaHB6MTZkIiwicG9saWN5X3R5cGUiOiJpbmdyZXNzIiwiY2lkcl9pcCI6IjAuMC4wLjAvMCIsInByb3RvY29sIjoidGNwIiwicG9ydF9yYW5nZSI6IjY0NDMiLCJhY3Rpb24iOiJhY2NlcHQiLCJzb3VyY2Vfc2dfaWQiOiIiLCJkZXNjcmlwdGlvbiI6IiJ9",
            "ip_protocol": "tcp",
            "policy": "accept",
            "policy_index": null,
            "port_range": "6443",
            "protocol_template": null,
            "security_group_id": "sg-ajhpz16d",
            "source_sgid": null,
            "type": "ingress"
          },
          "sensitive_attributes": [],
          "private": "bnVsbA==",
          "dependencies": [
            "module.cvm.tencentcloud_security_group.web_sg"
          ]
        }
      ]
    },
    {
      "module": "module.cvm",
      "mode": "managed",
      "type": "tencentcloud_security_group_rule",
      "name": "ssh",
      "provider": "module.cvm.provider[\"registry.terraform.io/tencentcloudstack/tencentcloud\"]",
      "instances": [
        {
          "schema_version": 0,
          "attributes": {
            "address_template": null,
            "cidr_ip": "0.0.0.0/0",
            "description": "",
            "id": "eyJzZ19pZCI6InNnLWFqaHB6MTZkIiwicG9saWN5X3R5cGUiOiJpbmdyZXNzIiwiY2lkcl9pcCI6IjAuMC4wLjAvMCIsInByb3RvY29sIjoidGNwIiwicG9ydF9yYW5nZSI6IjIyIiwiYWN0aW9uIjoiYWNjZXB0Iiwic291cmNlX3NnX2lkIjoiIiwiZGVzY3JpcHRpb24iOiIifQ==",
            "ip_protocol": "tcp",
            "policy": "accept",
            "policy_index": null,
            "port_range": "22",
            "protocol_template": null,
            "security_group_id": "sg-ajhpz16d",
            "source_sgid": null,
            "type": "ingress"
          },
          "sensitive_attributes": [],
          "private": "bnVsbA==",
          "dependencies": [
            "module.cvm.tencentcloud_security_group.web_sg"
          ]
        }
      ]
    },
    {
      "module": "module.cvm",
      "mode": "managed",
      "type": "tencentcloud_security_group_rule",
      "name": "ssh_login",
      "provider": "module.cvm.provider[\"registry.terraform.io/tencentcloudstack/tencentcloud\"]",
      "instances": [
        {
          "schema_version": 0,
          "attributes": {
            "address_template": null,
            "cidr_ip": "0.0.0.0/0",
            "description": "",
            "id": "eyJzZ19pZCI6InNnLWFqaHB6MTZkIiwicG9saWN5X3R5cGUiOiJpbmdyZXNzIiwiY2lkcl9pcCI6IjAuMC4wLjAvMCIsInByb3RvY29sIjoidGNwIiwicG9ydF9yYW5nZSI6IjIyMjIiLCJhY3Rpb24iOiJhY2NlcHQiLCJzb3VyY2Vfc2dfaWQiOiIiLCJkZXNjcmlwdGlvbiI6IiJ9",
            "ip_protocol": "tcp",
            "policy": "accept",
            "policy_index": null,
            "port_range": "2222",
            "protocol_template": null,
            "security_group_id": "sg-ajhpz16d",
            "source_sgid": null,
            "type": "ingress"
          },
          "sensitive_attributes": [],
          "private": "bnVsbA==",
          "dependencies": [
            "module.cvm.tencentcloud_security_group.web_sg"
          ]
        }
      ]
    },
    {
      "module": "module.cvm",
      "mode": "managed",
      "type": "tencentcloud_security_group_rule",
      "name": "submariner_1",
      "provider": "module.cvm.provider[\"registry.terraform.io/tencentcloudstack/tencentcloud\"]",
      "instances": [
        {
          "schema_version": 0,
          "attributes": {
            "address_template": null,
            "cidr_ip": "0.0.0.0/0",
            "description": "",
            "id": "eyJzZ19pZCI6InNnLWFqaHB6MTZkIiwicG9saWN5X3R5cGUiOiJpbmdyZXNzIiwiY2lkcl9pcCI6IjAuMC4wLjAvMCIsInByb3RvY29sIjoidWRwIiwicG9ydF9yYW5nZSI6IjQ1MDAiLCJhY3Rpb24iOiJhY2NlcHQiLCJzb3VyY2Vfc2dfaWQiOiIiLCJkZXNjcmlwdGlvbiI6IiJ9",
            "ip_protocol": "udp",
            "policy": "accept",
            "policy_index": null,
            "port_range": "4500",
            "protocol_template": null,
            "security_group_id": "sg-ajhpz16d",
            "source_sgid": null,
            "type": "ingress"
          },
          "sensitive_attributes": [],
          "private": "bnVsbA==",
          "dependencies": [
            "module.cvm.tencentcloud_security_group.web_sg"
          ]
        }
      ]
    },
    {
      "module": "module.cvm",
      "mode": "managed",
      "type": "tencentcloud_security_group_rule",
      "name": "submariner_2",
      "provider": "module.cvm.provider[\"registry.terraform.io/tencentcloudstack/tencentcloud\"]",
      "instances": [
        {
          "schema_version": 0,
          "attributes": {
            "address_template": null,
            "cidr_ip": "0.0.0.0/0",
            "description": "",
            "id": "eyJzZ19pZCI6InNnLWFqaHB6MTZkIiwicG9saWN5X3R5cGUiOiJpbmdyZXNzIiwiY2lkcl9pcCI6IjAuMC4wLjAvMCIsInByb3RvY29sIjoidWRwIiwicG9ydF9yYW5nZSI6IjQ0OTAiLCJhY3Rpb24iOiJhY2NlcHQiLCJzb3VyY2Vfc2dfaWQiOiIiLCJkZXNjcmlwdGlvbiI6IiJ9",
            "ip_protocol": "udp",
            "policy": "accept",
            "policy_index": null,
            "port_range": "4490",
            "protocol_template": null,
            "security_group_id": "sg-ajhpz16d",
            "source_sgid": null,
            "type": "ingress"
          },
          "sensitive_attributes": [],
          "private": "bnVsbA==",
          "dependencies": [
            "module.cvm.tencentcloud_security_group.web_sg"
          ]
        }
      ]
    },
    {
      "module": "module.cvm",
      "mode": "managed",
      "type": "tencentcloud_security_group_rule",
      "name": "submariner_3",
      "provider": "module.cvm.provider[\"registry.terraform.io/tencentcloudstack/tencentcloud\"]",
      "instances": [
        {
          "schema_version": 0,
          "attributes": {
            "address_template": null,
            "cidr_ip": "0.0.0.0/0",
            "description": "",
            "id": "eyJzZ19pZCI6InNnLWFqaHB6MTZkIiwicG9saWN5X3R5cGUiOiJpbmdyZXNzIiwiY2lkcl9pcCI6IjAuMC4wLjAvMCIsInByb3RvY29sIjoidWRwIiwicG9ydF9yYW5nZSI6IjQ4MDAiLCJhY3Rpb24iOiJhY2NlcHQiLCJzb3VyY2Vfc2dfaWQiOiIiLCJkZXNjcmlwdGlvbiI6IiJ9",
            "ip_protocol": "udp",
            "policy": "accept",
            "policy_index": null,
            "port_range": "4800",
            "protocol_template": null,
            "security_group_id": "sg-ajhpz16d",
            "source_sgid": null,
            "type": "ingress"
          },
          "sensitive_attributes": [],
          "private": "bnVsbA==",
          "dependencies": [
            "module.cvm.tencentcloud_security_group.web_sg"
          ]
        }
      ]
    },
    {
      "module": "module.cvm",
      "mode": "managed",
      "type": "tencentcloud_security_group_rule",
      "name": "thanos_bucket",
      "provider": "module.cvm.provider[\"registry.terraform.io/tencentcloudstack/tencentcloud\"]",
      "instances": [
        {
          "schema_version": 0,
          "attributes": {
            "address_template": null,
            "cidr_ip": "0.0.0.0/0",
            "description": "",
            "id": "eyJzZ19pZCI6InNnLWFqaHB6MTZkIiwicG9saWN5X3R5cGUiOiJpbmdyZXNzIiwiY2lkcl9pcCI6IjAuMC4wLjAvMCIsInByb3RvY29sIjoidGNwIiwicG9ydF9yYW5nZSI6IjMwMDkyIiwiYWN0aW9uIjoiYWNjZXB0Iiwic291cmNlX3NnX2lkIjoiIiwiZGVzY3JpcHRpb24iOiIifQ==",
            "ip_protocol": "tcp",
            "policy": "accept",
            "policy_index": null,
            "port_range": "30092",
            "protocol_template": null,
            "security_group_id": "sg-ajhpz16d",
            "source_sgid": null,
            "type": "ingress"
          },
          "sensitive_attributes": [],
          "private": "bnVsbA==",
          "dependencies": [
            "module.cvm.tencentcloud_security_group.web_sg"
          ]
        }
      ]
    },
    {
      "module": "module.cvm",
      "mode": "managed",
      "type": "tencentcloud_security_group_rule",
      "name": "thanos_compact",
      "provider": "module.cvm.provider[\"registry.terraform.io/tencentcloudstack/tencentcloud\"]",
      "instances": [
        {
          "schema_version": 0,
          "attributes": {
            "address_template": null,
            "cidr_ip": "0.0.0.0/0",
            "description": "",
            "id": "eyJzZ19pZCI6InNnLWFqaHB6MTZkIiwicG9saWN5X3R5cGUiOiJpbmdyZXNzIiwiY2lkcl9pcCI6IjAuMC4wLjAvMCIsInByb3RvY29sIjoidGNwIiwicG9ydF9yYW5nZSI6IjMwMDkzIiwiYWN0aW9uIjoiYWNjZXB0Iiwic291cmNlX3NnX2lkIjoiIiwiZGVzY3JpcHRpb24iOiIifQ==",
            "ip_protocol": "tcp",
            "policy": "accept",
            "policy_index": null,
            "port_range": "30093",
            "protocol_template": null,
            "security_group_id": "sg-ajhpz16d",
            "source_sgid": null,
            "type": "ingress"
          },
          "sensitive_attributes": [],
          "private": "bnVsbA==",
          "dependencies": [
            "module.cvm.tencentcloud_security_group.web_sg"
          ]
        }
      ]
    },
    {
      "module": "module.cvm",
      "mode": "managed",
      "type": "tencentcloud_security_group_rule",
      "name": "thanos_grpc",
      "provider": "module.cvm.provider[\"registry.terraform.io/tencentcloudstack/tencentcloud\"]",
      "instances": [
        {
          "schema_version": 0,
          "attributes": {
            "address_template": null,
            "cidr_ip": "0.0.0.0/0",
            "description": "",
            "id": "eyJzZ19pZCI6InNnLWFqaHB6MTZkIiwicG9saWN5X3R5cGUiOiJpbmdyZXNzIiwiY2lkcl9pcCI6IjAuMC4wLjAvMCIsInByb3RvY29sIjoidGNwIiwicG9ydF9yYW5nZSI6IjMwOTAxIiwiYWN0aW9uIjoiYWNjZXB0Iiwic291cmNlX3NnX2lkIjoiIiwiZGVzY3JpcHRpb24iOiIifQ==",
            "ip_protocol": "tcp",
            "policy": "accept",
            "policy_index": null,
            "port_range": "30901",
            "protocol_template": null,
            "security_group_id": "sg-ajhpz16d",
            "source_sgid": null,
            "type": "ingress"
          },
          "sensitive_attributes": [],
          "private": "bnVsbA==",
          "dependencies": [
            "module.cvm.tencentcloud_security_group.web_sg"
          ]
        }
      ]
    },
    {
      "module": "module.cvm",
      "mode": "managed",
      "type": "tencentcloud_security_group_rule",
      "name": "thanos_http",
      "provider": "module.cvm.provider[\"registry.terraform.io/tencentcloudstack/tencentcloud\"]",
      "instances": [
        {
          "schema_version": 0,
          "attributes": {
            "address_template": null,
            "cidr_ip": "0.0.0.0/0",
            "description": "",
            "id": "eyJzZ19pZCI6InNnLWFqaHB6MTZkIiwicG9saWN5X3R5cGUiOiJpbmdyZXNzIiwiY2lkcl9pcCI6IjAuMC4wLjAvMCIsInByb3RvY29sIjoidGNwIiwicG9ydF9yYW5nZSI6IjMwOTAyIiwiYWN0aW9uIjoiYWNjZXB0Iiwic291cmNlX3NnX2lkIjoiIiwiZGVzY3JpcHRpb24iOiIifQ==",
            "ip_protocol": "tcp",
            "policy": "accept",
            "policy_index": null,
            "port_range": "30902",
            "protocol_template": null,
            "security_group_id": "sg-ajhpz16d",
            "source_sgid": null,
            "type": "ingress"
          },
          "sensitive_attributes": [],
          "private": "bnVsbA==",
          "dependencies": [
            "module.cvm.tencentcloud_security_group.web_sg"
          ]
        }
      ]
    },
    {
      "module": "module.cvm",
      "mode": "managed",
      "type": "tencentcloud_security_group_rule",
      "name": "thanos_web",
      "provider": "module.cvm.provider[\"registry.terraform.io/tencentcloudstack/tencentcloud\"]",
      "instances": [
        {
          "schema_version": 0,
          "attributes": {
            "address_template": null,
            "cidr_ip": "0.0.0.0/0",
            "description": "",
            "id": "eyJzZ19pZCI6InNnLWFqaHB6MTZkIiwicG9saWN5X3R5cGUiOiJpbmdyZXNzIiwiY2lkcl9pcCI6IjAuMC4wLjAvMCIsInByb3RvY29sIjoidGNwIiwicG9ydF9yYW5nZSI6IjMwMDkwIiwiYWN0aW9uIjoiYWNjZXB0Iiwic291cmNlX3NnX2lkIjoiIiwiZGVzY3JpcHRpb24iOiIifQ==",
            "ip_protocol": "tcp",
            "policy": "accept",
            "policy_index": null,
            "port_range": "30090",
            "protocol_template": null,
            "security_group_id": "sg-ajhpz16d",
            "source_sgid": null,
            "type": "ingress"
          },
          "sensitive_attributes": [],
          "private": "bnVsbA==",
          "dependencies": [
            "module.cvm.tencentcloud_security_group.web_sg"
          ]
        }
      ]
    },
    {
      "module": "module.cvm",
      "mode": "managed",
      "type": "tencentcloud_security_group_rule",
      "name": "web_egrees_any",
      "provider": "module.cvm.provider[\"registry.terraform.io/tencentcloudstack/tencentcloud\"]",
      "instances": [
        {
          "schema_version": 0,
          "attributes": {
            "address_template": null,
            "cidr_ip": "0.0.0.0/0",
            "description": "",
            "id": "eyJzZ19pZCI6InNnLWFqaHB6MTZkIiwicG9saWN5X3R5cGUiOiJlZ3Jlc3MiLCJjaWRyX2lwIjoiMC4wLjAuMC8wIiwicHJvdG9jb2wiOiJBTEwiLCJwb3J0X3JhbmdlIjoiQUxMIiwiYWN0aW9uIjoiYWNjZXB0Iiwic291cmNlX3NnX2lkIjoiIiwiZGVzY3JpcHRpb24iOiIifQ==",
            "ip_protocol": "ALL",
            "policy": "accept",
            "policy_index": null,
            "port_range": "ALL",
            "protocol_template": null,
            "security_group_id": "sg-ajhpz16d",
            "source_sgid": null,
            "type": "egress"
          },
          "sensitive_attributes": [],
          "private": "bnVsbA==",
          "dependencies": [
            "module.cvm.tencentcloud_security_group.web_sg"
          ]
        }
      ]
    },
    {
      "module": "module.cvm",
      "mode": "managed",
      "type": "tencentcloud_subnet",
      "name": "tf_service_subnet",
      "provider": "module.cvm.provider[\"registry.terraform.io/tencentcloudstack/tencentcloud\"]",
      "instances": [
        {
          "schema_version": 0,
          "attributes": {
            "availability_zone": "ap-hongkong-2",
            "available_ip_count": 253,
            "cidr_block": "10.0.1.0/24",
            "create_time": "2025-02-24 22:05:37",
            "id": "subnet-kgiorgbz",
            "is_default": false,
            "is_multicast": true,
            "name": "tf_subnet",
            "route_table_id": "rtb-r4gxfpz1",
            "tags": {
              "dev": "tf-dev",
              "web": "tf-web"
            },
            "vpc_id": "vpc-8j7dkxa6"
          },
          "sensitive_attributes": [],
          "private": "bnVsbA==",
          "dependencies": [
            "module.cvm.tencentcloud_route_table.tf_routetable",
            "module.cvm.tencentcloud_vpc.tf_vpc"
          ]
        }
      ]
    },
    {
      "module": "module.cvm",
      "mode": "managed",
      "type": "tencentcloud_vpc",
      "name": "tf_vpc",
      "provider": "module.cvm.provider[\"registry.terraform.io/tencentcloudstack/tencentcloud\"]",
      "instances": [
        {
          "schema_version": 0,
          "attributes": {
            "assistant_cidrs": [],
            "cidr_block": "10.0.0.0/16",
            "create_time": "2025-02-24 22:05:29",
            "default_route_table_id": "rtb-1d53t8d3",
            "dns_servers": [
              "183.60.82.98",
              "183.60.83.19"
            ],
            "docker_assistant_cidrs": [],
            "id": "vpc-8j7dkxa6",
            "is_default": false,
            "is_multicast": true,
            "name": "tf-vpc",
            "tags": null
          },
          "sensitive_attributes": [],
          "private": "bnVsbA=="
        }
      ]
    },
    {
      "module": "module.k3s",
      "mode": "managed",
      "type": "local_sensitive_file",
      "name": "kubeconfig",
      "provider": "provider[\"registry.terraform.io/hashicorp/local\"]",
      "instances": [
        {
          "schema_version": 0,
          "attributes": {
            "content": "\"apiVersion\": \"v1\"\n\"clusters\":\n- \"cluster\":\n    \"certificate-authority-data\": \"LS0tLS1CRUdJTiBDRVJUSUZJQ0FURS0tLS0tCk1JSUJ2akNDQVVTZ0F3SUJBZ0lSQU1xNnIzVmdTVkFzUXpsdGNRMkxuUm93Q2dZSUtvWkl6ajBFQXdNd0h6RWQKTUJzR0ExVUVBeE1VYTNWaVpYSnVaWFJsY3kxelpYSjJaWEl0WTJFd0lCY05NalV3TWpJME1UUXdOakV5V2hnUApNakV5TlRBeU1qVXhOREEyTVRKYU1COHhIVEFiQmdOVkJBTVRGR3QxWW1WeWJtVjBaWE10YzJWeWRtVnlMV05oCk1IWXdFQVlIS29aSXpqMENBUVlGSzRFRUFDSURZZ0FFbUlsVTg1SUZCUEVwK2JoMVM0Qm1BUjlJWG95QjJYSWQKUGtBei9BamJZVGNLcXRZQzVTNTV6WFM2YktYeFNzQ0FxWlBib285M1lISUJSTkJEaW43Tk5JdGluME1DZStRYQppYkIxL2Q3amxVUUpaYXZZTDQ2ZFJIbDl5cDgyTkpBcG8wSXdRREFPQmdOVkhROEJBZjhFQkFNQ0FxUXdEd1lEClZSMFRBUUgvQkFVd0F3RUIvekFkQmdOVkhRNEVGZ1FVWkdOcjZLVWNQa3VZNVh5V0F3aXAvTDNaOWhzd0NnWUkKS29aSXpqMEVBd01EYUFBd1pRSXhBTWJRU1Byb29ETnhkeVpqc2J2cHE5Y2h5a1lCYmZOVW14bjZYVFdoOWowYQo3TzBkZnBtbW9JeGc3ZnpnUWhiQWV3SXdFMzdCKzRuY3JSTUhMSzlHemw0NFcyeTN6T2k0Y01hRUhWcnB5aHh1CkZnZjFlZ3ZwOGtJczVadWhta1p5QmNrNwotLS0tLUVORCBDRVJUSUZJQ0FURS0tLS0tCg==\"\n    \"server\": \"https://129.226.55.13:6443\"\n  \"name\": \"cluster.local\"\n\"contexts\":\n- \"context\":\n    \"cluster\": \"cluster.local\"\n    \"user\": \"master-user\"\n  \"name\": \"cluster.local\"\n\"current-context\": \"cluster.local\"\n\"kind\": \"Config\"\n\"preferences\": {}\n\"users\":\n- \"name\": \"master-user\"\n  \"user\":\n    \"client-certificate-data\": \"LS0tLS1CRUdJTiBDRVJUSUZJQ0FURS0tLS0tCk1JSUI0VENDQVdlZ0F3SUJBZ0lRVzY5dml6M0Q0YmJzZklnWVFvSFU2REFLQmdncWhrak9QUVFEQXpBZk1SMHcKR3dZRFZRUURFeFJyZFdKbGNtNWxkR1Z6TFdOc2FXVnVkQzFqWVRBZ0Z3MHlOVEF5TWpReE5EQTJNVEphR0E4eQpNVEkxTURJeU5URTBNRFl4TWxvd0x6RVhNQlVHQTFVRUNoTU9jM2x6ZEdWdE9tMWhjM1JsY25NeEZEQVNCZ05WCkJBTVRDMjFoYzNSbGNpMTFjMlZ5TUhZd0VBWUhLb1pJemowQ0FRWUZLNEVFQUNJRFlnQUVYVHJKUE1CT0ZKVWYKNFFvNnltSk9nNTd2SUlOS0xHaFVlaTFOemtzOHZielZWUTdaMWtERUFXUmVkcnloeWRMWWhrTEU5OUhKZHlHUwpLdEdzMWxrV09vby9QL21ISTBJbHE0RGdLRjluWG4ycEEyWTdrcnp1YVN2NU9wMUZZazBibzFZd1ZEQU9CZ05WCkhROEJBZjhFQkFNQ0JhQXdFd1lEVlIwbEJBd3dDZ1lJS3dZQkJRVUhBd0l3REFZRFZSMFRBUUgvQkFJd0FEQWYKQmdOVkhTTUVHREFXZ0JSQkNNbGR5VVU4ZGI5YXdXV211bDBER1IyQjFUQUtCZ2dxaGtqT1BRUURBd05vQURCbApBakErV3N2SHhiNkxpb0xveHlid0pRMXVSczRoQ1AwN0MxZ0lhQTdicDZMdHN2QXJqdW9vV3N4bEZLMnU0aHlrClNFOENNUUM5ME4vUmRCb1NEcnVsNFMwSnl4L2ZXQmtlcXNlczR2N3VVN3BrUWFBTlBRejMvLzVRakRabWRqbHAKRkZ4elNjWT0KLS0tLS1FTkQgQ0VSVElGSUNBVEUtLS0tLQo=\"\n    \"client-key-data\": \"LS0tLS1CRUdJTiBFQyBQUklWQVRFIEtFWS0tLS0tCk1JR2tBZ0VCQkRDb0ZYdkVBOGxiWTJtUjI4ejIraUdHY2paanFoazZrbHlkZk1vSTdLMUJUdy9JM0M5azJDVDEKVlZPMjF0MFJ1UjZnQndZRks0RUVBQ0toWkFOaUFBUmRPc2s4d0U0VWxSL2hDanJLWWs2RG51OGdnMG9zYUZSNgpMVTNPU3p5OXZOVlZEdG5XUU1RQlpGNTJ2S0hKMHRpR1FzVDMwY2wzSVpJcTBheldXUlk2aWo4LytZY2pRaVdyCmdPQW9YMmRlZmFrRFpqdVN2TzVwSy9rNm5VVmlUUnM9Ci0tLS0tRU5EIEVDIFBSSVZBVEUgS0VZLS0tLS0K\"\n",
            "content_base64": null,
            "content_base64sha256": "sSrOnZa0ubKEs/e1FC4iA9djssGzt67LPpKd6wkjbdQ=",
            "content_base64sha512": "5MGoTsF17zn4GGqI8Ggg4fuLpzWyCMRMR9nBvuBt9GM8HrxnHPr8PdXU5jxfsPA0gE3b3a9bgr4VwXtE6BQhfw==",
            "content_md5": "20ad7c34d38bc786dd0a5758ae2c4368",
            "content_sha1": "326b78e2d1ff90aab16abbdb5d699b3e39c5a53d",
            "content_sha256": "b12ace9d96b4b9b284b3f7b5142e2203d763b2c1b3b7aecb3e929deb09236dd4",
            "content_sha512": "e4c1a84ec175ef39f8186a88f06820e1fb8ba735b208c44c47d9c1bee06df4633c1ebc671cfafc3dd5d4e63c5fb0f034804ddbddaf5b82be15c17b44e814217f",
            "directory_permission": "0700",
            "file_permission": "0700",
            "filename": "module/k3s/config.yaml",
            "id": "326b78e2d1ff90aab16abbdb5d699b3e39c5a53d",
            "source": null
          },
          "sensitive_attributes": [
            [
              {
                "type": "get_attr",
                "value": "content"
              }
            ],
            [
              {
                "type": "get_attr",
                "value": "content_base64"
              }
            ]
          ],
          "dependencies": [
            "module.cvm.data.tencentcloud_availability_zones_by_product.default",
            "module.cvm.data.tencentcloud_images.default",
            "module.cvm.data.tencentcloud_instance_types.default",
            "module.cvm.tencentcloud_instance.ubuntu",
            "module.cvm.tencentcloud_route_table.tf_routetable",
            "module.cvm.tencentcloud_security_group.web_sg",
            "module.cvm.tencentcloud_security_group_rule.all",
            "module.cvm.tencentcloud_security_group_rule.grafana",
            "module.cvm.tencentcloud_security_group_rule.http",
            "module.cvm.tencentcloud_security_group_rule.https",
            "module.cvm.tencentcloud_security_group_rule.icmp",
            "module.cvm.tencentcloud_security_group_rule.k8s",
            "module.cvm.tencentcloud_security_group_rule.ssh",
            "module.cvm.tencentcloud_security_group_rule.ssh_login",
            "module.cvm.tencentcloud_security_group_rule.submariner_1",
            "module.cvm.tencentcloud_security_group_rule.submariner_2",
            "module.cvm.tencentcloud_security_group_rule.submariner_3",
            "module.cvm.tencentcloud_security_group_rule.thanos_bucket",
            "module.cvm.tencentcloud_security_group_rule.thanos_compact",
            "module.cvm.tencentcloud_security_group_rule.thanos_grpc",
            "module.cvm.tencentcloud_security_group_rule.thanos_http",
            "module.cvm.tencentcloud_security_group_rule.thanos_web",
            "module.cvm.tencentcloud_security_group_rule.web_egrees_any",
            "module.cvm.tencentcloud_subnet.tf_service_subnet",
            "module.cvm.tencentcloud_vpc.tf_vpc",
            "module.k3s.module.k3s.tls_cert_request.master_user",
            "module.k3s.module.k3s.tls_locally_signed_cert.master_user",
            "module.k3s.module.k3s.tls_private_key.kubernetes_ca",
            "module.k3s.module.k3s.tls_private_key.master_user",
            "module.k3s.module.k3s.tls_self_signed_cert.kubernetes_ca_certs"
          ]
        }
      ]
    },
    {
      "module": "module.k3s.module.k3s",
      "mode": "data",
      "type": "http",
      "name": "k3s_installer",
      "provider": "provider[\"registry.terraform.io/hashicorp/http\"]",
      "instances": []
    },
    {
      "module": "module.k3s.module.k3s",
      "mode": "data",
      "type": "http",
      "name": "k3s_version",
      "provider": "provider[\"registry.terraform.io/hashicorp/http\"]",
      "instances": [
        {
          "schema_version": 0,
          "attributes": {
            "body": "{\"type\":\"collection\",\"links\":{\"self\":\"https://update.k3s.io/v1-release/channels\"},\"actions\":{},\"resourceType\":\"channels\",\"data\":[{\"id\":\"stable\",\"type\":\"channel\",\"links\":{\"self\":\"https://update.k3s.io/v1-release/channels/stable\"},\"name\":\"stable\",\"latest\":\"v1.31.5+k3s1\"},{\"id\":\"latest\",\"type\":\"channel\",\"links\":{\"self\":\"https://update.k3s.io/v1-release/channels/latest\"},\"name\":\"latest\",\"latest\":\"v1.32.1+k3s1\",\"latestRegexp\":\".*\",\"excludeRegexp\":\"(^[^+]+-|v1\\\\.25\\\\.5\\\\+k3s1|v1\\\\.26\\\\.0\\\\+k3s1)\"},{\"id\":\"testing\",\"type\":\"channel\",\"links\":{\"self\":\"https://update.k3s.io/v1-release/channels/testing\"},\"name\":\"testing\",\"latest\":\"v1.18.2-rc3+k3s1\",\"latestRegexp\":\"-(alpha|beta|rc)\"},{\"id\":\"v1.16\",\"type\":\"channel\",\"links\":{\"self\":\"https://update.k3s.io/v1-release/channels/v1.16\"},\"name\":\"v1.16\",\"latest\":\"v1.16.15+k3s1\",\"latestRegexp\":\"v1\\\\.16\\\\..*\",\"excludeRegexp\":\"^[^+]+-\"},{\"id\":\"v1.16-testing\",\"type\":\"channel\",\"links\":{\"self\":\"https://update.k3s.io/v1-release/channels/v1.16-testing\"},\"name\":\"v1.16-testing\",\"latestRegexp\":\"v1\\\\.16\\\\.[0-9]*-(alpha|beta|rc)\"},{\"id\":\"v1.17\",\"type\":\"channel\",\"links\":{\"self\":\"https://update.k3s.io/v1-release/channels/v1.17\"},\"name\":\"v1.17\",\"latest\":\"v1.17.17+k3s1\",\"latestRegexp\":\"v1\\\\.17\\\\..*\",\"excludeRegexp\":\"^[^+]+-\"},{\"id\":\"v1.17-testing\",\"type\":\"channel\",\"links\":{\"self\":\"https://update.k3s.io/v1-release/channels/v1.17-testing\"},\"name\":\"v1.17-testing\",\"latestRegexp\":\"v1\\\\.17\\\\.[0-9]*-(alpha|beta|rc)\"},{\"id\":\"v1.18\",\"type\":\"channel\",\"links\":{\"self\":\"https://update.k3s.io/v1-release/channels/v1.18\"},\"name\":\"v1.18\",\"latest\":\"v1.18.20+k3s1\",\"latestRegexp\":\"v1\\\\.18\\\\..*\",\"excludeRegexp\":\"^[^+]+-\"},{\"id\":\"v1.18-testing\",\"type\":\"channel\",\"links\":{\"self\":\"https://update.k3s.io/v1-release/channels/v1.18-testing\"},\"name\":\"v1.18-testing\",\"latest\":\"v1.18.2-rc3+k3s1\",\"latestRegexp\":\"v1\\\\.18\\\\.[0-9]*-(alpha|beta|rc)\"},{\"id\":\"v1.19\",\"type\":\"channel\",\"links\":{\"self\":\"https://update.k3s.io/v1-release/channels/v1.19\"},\"name\":\"v1.19\",\"latest\":\"v1.19.16+k3s1\",\"latestRegexp\":\"v1\\\\.19\\\\..*\",\"excludeRegexp\":\"^[^+]+-\"},{\"id\":\"v1.20\",\"type\":\"channel\",\"links\":{\"self\":\"https://update.k3s.io/v1-release/channels/v1.20\"},\"name\":\"v1.20\",\"latest\":\"v1.20.15+k3s1\",\"latestRegexp\":\"v1\\\\.20\\\\..*\",\"excludeRegexp\":\"^[^+]+-\"},{\"id\":\"v1.21\",\"type\":\"channel\",\"links\":{\"self\":\"https://update.k3s.io/v1-release/channels/v1.21\"},\"name\":\"v1.21\",\"latest\":\"v1.21.14+k3s1\",\"latestRegexp\":\"v1\\\\.21\\\\..*\",\"excludeRegexp\":\"^[^+]+-\"},{\"id\":\"v1.22\",\"type\":\"channel\",\"links\":{\"self\":\"https://update.k3s.io/v1-release/channels/v1.22\"},\"name\":\"v1.22\",\"latest\":\"v1.22.17+k3s1\",\"latestRegexp\":\"v1\\\\.22\\\\..*\",\"excludeRegexp\":\"^[^+]+-\"},{\"id\":\"v1.23\",\"type\":\"channel\",\"links\":{\"self\":\"https://update.k3s.io/v1-release/channels/v1.23\"},\"name\":\"v1.23\",\"latest\":\"v1.23.17+k3s1\",\"latestRegexp\":\"v1\\\\.23\\\\..*\",\"excludeRegexp\":\"^[^+]+-\"},{\"id\":\"v1.24\",\"type\":\"channel\",\"links\":{\"self\":\"https://update.k3s.io/v1-release/channels/v1.24\"},\"name\":\"v1.24\",\"latest\":\"v1.24.17+k3s1\",\"latestRegexp\":\"v1\\\\.24\\\\..*\",\"excludeRegexp\":\"(^[^+]+-|v1\\\\.24\\\\.9\\\\+k3s1)\"},{\"id\":\"v1.25\",\"type\":\"channel\",\"links\":{\"self\":\"https://update.k3s.io/v1-release/channels/v1.25\"},\"name\":\"v1.25\",\"latest\":\"v1.25.16+k3s4\",\"latestRegexp\":\"v1\\\\.25\\\\..*\",\"excludeRegexp\":\"(^[^+]+-|v1\\\\.25\\\\.5\\\\+k3s1)\"},{\"id\":\"v1.26\",\"type\":\"channel\",\"links\":{\"self\":\"https://update.k3s.io/v1-release/channels/v1.26\"},\"name\":\"v1.26\",\"latest\":\"v1.26.15+k3s1\",\"latestRegexp\":\"v1\\\\.26\\\\..*\",\"excludeRegexp\":\"(^[^+]+-|v1\\\\.26\\\\.0\\\\+k3s1)\"},{\"id\":\"v1.27\",\"type\":\"channel\",\"links\":{\"self\":\"https://update.k3s.io/v1-release/channels/v1.27\"},\"name\":\"v1.27\",\"latest\":\"v1.27.16+k3s1\",\"latestRegexp\":\"v1\\\\.27\\\\..*\",\"excludeRegexp\":\"^[^+]+-\"},{\"id\":\"v1.28\",\"type\":\"channel\",\"links\":{\"self\":\"https://update.k3s.io/v1-release/channels/v1.28\"},\"name\":\"v1.28\",\"latest\":\"v1.28.15+k3s1\",\"latestRegexp\":\"v1\\\\.28\\\\..*\",\"excludeRegexp\":\"^[^+]+-\"},{\"id\":\"v1.29\",\"type\":\"channel\",\"links\":{\"self\":\"https://update.k3s.io/v1-release/channels/v1.29\"},\"name\":\"v1.29\",\"latest\":\"v1.29.13+k3s1\",\"latestRegexp\":\"v1\\\\.29\\\\..*\",\"excludeRegexp\":\"^[^+]+-\"},{\"id\":\"v1.30\",\"type\":\"channel\",\"links\":{\"self\":\"https://update.k3s.io/v1-release/channels/v1.30\"},\"name\":\"v1.30\",\"latest\":\"v1.30.9+k3s1\",\"latestRegexp\":\"v1\\\\.30\\\\..*\",\"excludeRegexp\":\"^[^+]+-\"},{\"id\":\"v1.31\",\"type\":\"channel\",\"links\":{\"self\":\"https://update.k3s.io/v1-release/channels/v1.31\"},\"name\":\"v1.31\",\"latest\":\"v1.31.5+k3s1\",\"latestRegexp\":\"v1\\\\.31\\\\..*\",\"excludeRegexp\":\"^[^+]+-\"},{\"id\":\"v1.32\",\"type\":\"channel\",\"links\":{\"self\":\"https://update.k3s.io/v1-release/channels/v1.32\"},\"name\":\"v1.32\",\"latest\":\"v1.32.1+k3s1\",\"latestRegexp\":\"v1\\\\.32\\\\..*\",\"excludeRegexp\":\"^[^+]+-\"}]}\n",
            "ca_cert_pem": null,
            "id": "https://update.k3s.io/v1-release/channels",
            "insecure": null,
            "method": null,
            "request_body": null,
            "request_headers": null,
            "request_timeout_ms": null,
            "response_body": "{\"type\":\"collection\",\"links\":{\"self\":\"https://update.k3s.io/v1-release/channels\"},\"actions\":{},\"resourceType\":\"channels\",\"data\":[{\"id\":\"stable\",\"type\":\"channel\",\"links\":{\"self\":\"https://update.k3s.io/v1-release/channels/stable\"},\"name\":\"stable\",\"latest\":\"v1.31.5+k3s1\"},{\"id\":\"latest\",\"type\":\"channel\",\"links\":{\"self\":\"https://update.k3s.io/v1-release/channels/latest\"},\"name\":\"latest\",\"latest\":\"v1.32.1+k3s1\",\"latestRegexp\":\".*\",\"excludeRegexp\":\"(^[^+]+-|v1\\\\.25\\\\.5\\\\+k3s1|v1\\\\.26\\\\.0\\\\+k3s1)\"},{\"id\":\"testing\",\"type\":\"channel\",\"links\":{\"self\":\"https://update.k3s.io/v1-release/channels/testing\"},\"name\":\"testing\",\"latest\":\"v1.18.2-rc3+k3s1\",\"latestRegexp\":\"-(alpha|beta|rc)\"},{\"id\":\"v1.16\",\"type\":\"channel\",\"links\":{\"self\":\"https://update.k3s.io/v1-release/channels/v1.16\"},\"name\":\"v1.16\",\"latest\":\"v1.16.15+k3s1\",\"latestRegexp\":\"v1\\\\.16\\\\..*\",\"excludeRegexp\":\"^[^+]+-\"},{\"id\":\"v1.16-testing\",\"type\":\"channel\",\"links\":{\"self\":\"https://update.k3s.io/v1-release/channels/v1.16-testing\"},\"name\":\"v1.16-testing\",\"latestRegexp\":\"v1\\\\.16\\\\.[0-9]*-(alpha|beta|rc)\"},{\"id\":\"v1.17\",\"type\":\"channel\",\"links\":{\"self\":\"https://update.k3s.io/v1-release/channels/v1.17\"},\"name\":\"v1.17\",\"latest\":\"v1.17.17+k3s1\",\"latestRegexp\":\"v1\\\\.17\\\\..*\",\"excludeRegexp\":\"^[^+]+-\"},{\"id\":\"v1.17-testing\",\"type\":\"channel\",\"links\":{\"self\":\"https://update.k3s.io/v1-release/channels/v1.17-testing\"},\"name\":\"v1.17-testing\",\"latestRegexp\":\"v1\\\\.17\\\\.[0-9]*-(alpha|beta|rc)\"},{\"id\":\"v1.18\",\"type\":\"channel\",\"links\":{\"self\":\"https://update.k3s.io/v1-release/channels/v1.18\"},\"name\":\"v1.18\",\"latest\":\"v1.18.20+k3s1\",\"latestRegexp\":\"v1\\\\.18\\\\..*\",\"excludeRegexp\":\"^[^+]+-\"},{\"id\":\"v1.18-testing\",\"type\":\"channel\",\"links\":{\"self\":\"https://update.k3s.io/v1-release/channels/v1.18-testing\"},\"name\":\"v1.18-testing\",\"latest\":\"v1.18.2-rc3+k3s1\",\"latestRegexp\":\"v1\\\\.18\\\\.[0-9]*-(alpha|beta|rc)\"},{\"id\":\"v1.19\",\"type\":\"channel\",\"links\":{\"self\":\"https://update.k3s.io/v1-release/channels/v1.19\"},\"name\":\"v1.19\",\"latest\":\"v1.19.16+k3s1\",\"latestRegexp\":\"v1\\\\.19\\\\..*\",\"excludeRegexp\":\"^[^+]+-\"},{\"id\":\"v1.20\",\"type\":\"channel\",\"links\":{\"self\":\"https://update.k3s.io/v1-release/channels/v1.20\"},\"name\":\"v1.20\",\"latest\":\"v1.20.15+k3s1\",\"latestRegexp\":\"v1\\\\.20\\\\..*\",\"excludeRegexp\":\"^[^+]+-\"},{\"id\":\"v1.21\",\"type\":\"channel\",\"links\":{\"self\":\"https://update.k3s.io/v1-release/channels/v1.21\"},\"name\":\"v1.21\",\"latest\":\"v1.21.14+k3s1\",\"latestRegexp\":\"v1\\\\.21\\\\..*\",\"excludeRegexp\":\"^[^+]+-\"},{\"id\":\"v1.22\",\"type\":\"channel\",\"links\":{\"self\":\"https://update.k3s.io/v1-release/channels/v1.22\"},\"name\":\"v1.22\",\"latest\":\"v1.22.17+k3s1\",\"latestRegexp\":\"v1\\\\.22\\\\..*\",\"excludeRegexp\":\"^[^+]+-\"},{\"id\":\"v1.23\",\"type\":\"channel\",\"links\":{\"self\":\"https://update.k3s.io/v1-release/channels/v1.23\"},\"name\":\"v1.23\",\"latest\":\"v1.23.17+k3s1\",\"latestRegexp\":\"v1\\\\.23\\\\..*\",\"excludeRegexp\":\"^[^+]+-\"},{\"id\":\"v1.24\",\"type\":\"channel\",\"links\":{\"self\":\"https://update.k3s.io/v1-release/channels/v1.24\"},\"name\":\"v1.24\",\"latest\":\"v1.24.17+k3s1\",\"latestRegexp\":\"v1\\\\.24\\\\..*\",\"excludeRegexp\":\"(^[^+]+-|v1\\\\.24\\\\.9\\\\+k3s1)\"},{\"id\":\"v1.25\",\"type\":\"channel\",\"links\":{\"self\":\"https://update.k3s.io/v1-release/channels/v1.25\"},\"name\":\"v1.25\",\"latest\":\"v1.25.16+k3s4\",\"latestRegexp\":\"v1\\\\.25\\\\..*\",\"excludeRegexp\":\"(^[^+]+-|v1\\\\.25\\\\.5\\\\+k3s1)\"},{\"id\":\"v1.26\",\"type\":\"channel\",\"links\":{\"self\":\"https://update.k3s.io/v1-release/channels/v1.26\"},\"name\":\"v1.26\",\"latest\":\"v1.26.15+k3s1\",\"latestRegexp\":\"v1\\\\.26\\\\..*\",\"excludeRegexp\":\"(^[^+]+-|v1\\\\.26\\\\.0\\\\+k3s1)\"},{\"id\":\"v1.27\",\"type\":\"channel\",\"links\":{\"self\":\"https://update.k3s.io/v1-release/channels/v1.27\"},\"name\":\"v1.27\",\"latest\":\"v1.27.16+k3s1\",\"latestRegexp\":\"v1\\\\.27\\\\..*\",\"excludeRegexp\":\"^[^+]+-\"},{\"id\":\"v1.28\",\"type\":\"channel\",\"links\":{\"self\":\"https://update.k3s.io/v1-release/channels/v1.28\"},\"name\":\"v1.28\",\"latest\":\"v1.28.15+k3s1\",\"latestRegexp\":\"v1\\\\.28\\\\..*\",\"excludeRegexp\":\"^[^+]+-\"},{\"id\":\"v1.29\",\"type\":\"channel\",\"links\":{\"self\":\"https://update.k3s.io/v1-release/channels/v1.29\"},\"name\":\"v1.29\",\"latest\":\"v1.29.13+k3s1\",\"latestRegexp\":\"v1\\\\.29\\\\..*\",\"excludeRegexp\":\"^[^+]+-\"},{\"id\":\"v1.30\",\"type\":\"channel\",\"links\":{\"self\":\"https://update.k3s.io/v1-release/channels/v1.30\"},\"name\":\"v1.30\",\"latest\":\"v1.30.9+k3s1\",\"latestRegexp\":\"v1\\\\.30\\\\..*\",\"excludeRegexp\":\"^[^+]+-\"},{\"id\":\"v1.31\",\"type\":\"channel\",\"links\":{\"self\":\"https://update.k3s.io/v1-release/channels/v1.31\"},\"name\":\"v1.31\",\"latest\":\"v1.31.5+k3s1\",\"latestRegexp\":\"v1\\\\.31\\\\..*\",\"excludeRegexp\":\"^[^+]+-\"},{\"id\":\"v1.32\",\"type\":\"channel\",\"links\":{\"self\":\"https://update.k3s.io/v1-release/channels/v1.32\"},\"name\":\"v1.32\",\"latest\":\"v1.32.1+k3s1\",\"latestRegexp\":\"v1\\\\.32\\\\..*\",\"excludeRegexp\":\"^[^+]+-\"}]}\n",
            "response_body_base64": "eyJ0eXBlIjoiY29sbGVjdGlvbiIsImxpbmtzIjp7InNlbGYiOiJodHRwczovL3VwZGF0ZS5rM3MuaW8vdjEtcmVsZWFzZS9jaGFubmVscyJ9LCJhY3Rpb25zIjp7fSwicmVzb3VyY2VUeXBlIjoiY2hhbm5lbHMiLCJkYXRhIjpbeyJpZCI6InN0YWJsZSIsInR5cGUiOiJjaGFubmVsIiwibGlua3MiOnsic2VsZiI6Imh0dHBzOi8vdXBkYXRlLmszcy5pby92MS1yZWxlYXNlL2NoYW5uZWxzL3N0YWJsZSJ9LCJuYW1lIjoic3RhYmxlIiwibGF0ZXN0IjoidjEuMzEuNStrM3MxIn0seyJpZCI6ImxhdGVzdCIsInR5cGUiOiJjaGFubmVsIiwibGlua3MiOnsic2VsZiI6Imh0dHBzOi8vdXBkYXRlLmszcy5pby92MS1yZWxlYXNlL2NoYW5uZWxzL2xhdGVzdCJ9LCJuYW1lIjoibGF0ZXN0IiwibGF0ZXN0IjoidjEuMzIuMStrM3MxIiwibGF0ZXN0UmVnZXhwIjoiLioiLCJleGNsdWRlUmVnZXhwIjoiKF5bXitdKy18djFcXC4yNVxcLjVcXCtrM3MxfHYxXFwuMjZcXC4wXFwrazNzMSkifSx7ImlkIjoidGVzdGluZyIsInR5cGUiOiJjaGFubmVsIiwibGlua3MiOnsic2VsZiI6Imh0dHBzOi8vdXBkYXRlLmszcy5pby92MS1yZWxlYXNlL2NoYW5uZWxzL3Rlc3RpbmcifSwibmFtZSI6InRlc3RpbmciLCJsYXRlc3QiOiJ2MS4xOC4yLXJjMytrM3MxIiwibGF0ZXN0UmVnZXhwIjoiLShhbHBoYXxiZXRhfHJjKSJ9LHsiaWQiOiJ2MS4xNiIsInR5cGUiOiJjaGFubmVsIiwibGlua3MiOnsic2VsZiI6Imh0dHBzOi8vdXBkYXRlLmszcy5pby92MS1yZWxlYXNlL2NoYW5uZWxzL3YxLjE2In0sIm5hbWUiOiJ2MS4xNiIsImxhdGVzdCI6InYxLjE2LjE1K2szczEiLCJsYXRlc3RSZWdleHAiOiJ2MVxcLjE2XFwuLioiLCJleGNsdWRlUmVnZXhwIjoiXlteK10rLSJ9LHsiaWQiOiJ2MS4xNi10ZXN0aW5nIiwidHlwZSI6ImNoYW5uZWwiLCJsaW5rcyI6eyJzZWxmIjoiaHR0cHM6Ly91cGRhdGUuazNzLmlvL3YxLXJlbGVhc2UvY2hhbm5lbHMvdjEuMTYtdGVzdGluZyJ9LCJuYW1lIjoidjEuMTYtdGVzdGluZyIsImxhdGVzdFJlZ2V4cCI6InYxXFwuMTZcXC5bMC05XSotKGFscGhhfGJldGF8cmMpIn0seyJpZCI6InYxLjE3IiwidHlwZSI6ImNoYW5uZWwiLCJsaW5rcyI6eyJzZWxmIjoiaHR0cHM6Ly91cGRhdGUuazNzLmlvL3YxLXJlbGVhc2UvY2hhbm5lbHMvdjEuMTcifSwibmFtZSI6InYxLjE3IiwibGF0ZXN0IjoidjEuMTcuMTcrazNzMSIsImxhdGVzdFJlZ2V4cCI6InYxXFwuMTdcXC4uKiIsImV4Y2x1ZGVSZWdleHAiOiJeW14rXSstIn0seyJpZCI6InYxLjE3LXRlc3RpbmciLCJ0eXBlIjoiY2hhbm5lbCIsImxpbmtzIjp7InNlbGYiOiJodHRwczovL3VwZGF0ZS5rM3MuaW8vdjEtcmVsZWFzZS9jaGFubmVscy92MS4xNy10ZXN0aW5nIn0sIm5hbWUiOiJ2MS4xNy10ZXN0aW5nIiwibGF0ZXN0UmVnZXhwIjoidjFcXC4xN1xcLlswLTldKi0oYWxwaGF8YmV0YXxyYykifSx7ImlkIjoidjEuMTgiLCJ0eXBlIjoiY2hhbm5lbCIsImxpbmtzIjp7InNlbGYiOiJodHRwczovL3VwZGF0ZS5rM3MuaW8vdjEtcmVsZWFzZS9jaGFubmVscy92MS4xOCJ9LCJuYW1lIjoidjEuMTgiLCJsYXRlc3QiOiJ2MS4xOC4yMCtrM3MxIiwibGF0ZXN0UmVnZXhwIjoidjFcXC4xOFxcLi4qIiwiZXhjbHVkZVJlZ2V4cCI6Il5bXitdKy0ifSx7ImlkIjoidjEuMTgtdGVzdGluZyIsInR5cGUiOiJjaGFubmVsIiwibGlua3MiOnsic2VsZiI6Imh0dHBzOi8vdXBkYXRlLmszcy5pby92MS1yZWxlYXNlL2NoYW5uZWxzL3YxLjE4LXRlc3RpbmcifSwibmFtZSI6InYxLjE4LXRlc3RpbmciLCJsYXRlc3QiOiJ2MS4xOC4yLXJjMytrM3MxIiwibGF0ZXN0UmVnZXhwIjoidjFcXC4xOFxcLlswLTldKi0oYWxwaGF8YmV0YXxyYykifSx7ImlkIjoidjEuMTkiLCJ0eXBlIjoiY2hhbm5lbCIsImxpbmtzIjp7InNlbGYiOiJodHRwczovL3VwZGF0ZS5rM3MuaW8vdjEtcmVsZWFzZS9jaGFubmVscy92MS4xOSJ9LCJuYW1lIjoidjEuMTkiLCJsYXRlc3QiOiJ2MS4xOS4xNitrM3MxIiwibGF0ZXN0UmVnZXhwIjoidjFcXC4xOVxcLi4qIiwiZXhjbHVkZVJlZ2V4cCI6Il5bXitdKy0ifSx7ImlkIjoidjEuMjAiLCJ0eXBlIjoiY2hhbm5lbCIsImxpbmtzIjp7InNlbGYiOiJodHRwczovL3VwZGF0ZS5rM3MuaW8vdjEtcmVsZWFzZS9jaGFubmVscy92MS4yMCJ9LCJuYW1lIjoidjEuMjAiLCJsYXRlc3QiOiJ2MS4yMC4xNStrM3MxIiwibGF0ZXN0UmVnZXhwIjoidjFcXC4yMFxcLi4qIiwiZXhjbHVkZVJlZ2V4cCI6Il5bXitdKy0ifSx7ImlkIjoidjEuMjEiLCJ0eXBlIjoiY2hhbm5lbCIsImxpbmtzIjp7InNlbGYiOiJodHRwczovL3VwZGF0ZS5rM3MuaW8vdjEtcmVsZWFzZS9jaGFubmVscy92MS4yMSJ9LCJuYW1lIjoidjEuMjEiLCJsYXRlc3QiOiJ2MS4yMS4xNCtrM3MxIiwibGF0ZXN0UmVnZXhwIjoidjFcXC4yMVxcLi4qIiwiZXhjbHVkZVJlZ2V4cCI6Il5bXitdKy0ifSx7ImlkIjoidjEuMjIiLCJ0eXBlIjoiY2hhbm5lbCIsImxpbmtzIjp7InNlbGYiOiJodHRwczovL3VwZGF0ZS5rM3MuaW8vdjEtcmVsZWFzZS9jaGFubmVscy92MS4yMiJ9LCJuYW1lIjoidjEuMjIiLCJsYXRlc3QiOiJ2MS4yMi4xNytrM3MxIiwibGF0ZXN0UmVnZXhwIjoidjFcXC4yMlxcLi4qIiwiZXhjbHVkZVJlZ2V4cCI6Il5bXitdKy0ifSx7ImlkIjoidjEuMjMiLCJ0eXBlIjoiY2hhbm5lbCIsImxpbmtzIjp7InNlbGYiOiJodHRwczovL3VwZGF0ZS5rM3MuaW8vdjEtcmVsZWFzZS9jaGFubmVscy92MS4yMyJ9LCJuYW1lIjoidjEuMjMiLCJsYXRlc3QiOiJ2MS4yMy4xNytrM3MxIiwibGF0ZXN0UmVnZXhwIjoidjFcXC4yM1xcLi4qIiwiZXhjbHVkZVJlZ2V4cCI6Il5bXitdKy0ifSx7ImlkIjoidjEuMjQiLCJ0eXBlIjoiY2hhbm5lbCIsImxpbmtzIjp7InNlbGYiOiJodHRwczovL3VwZGF0ZS5rM3MuaW8vdjEtcmVsZWFzZS9jaGFubmVscy92MS4yNCJ9LCJuYW1lIjoidjEuMjQiLCJsYXRlc3QiOiJ2MS4yNC4xNytrM3MxIiwibGF0ZXN0UmVnZXhwIjoidjFcXC4yNFxcLi4qIiwiZXhjbHVkZVJlZ2V4cCI6IiheW14rXSstfHYxXFwuMjRcXC45XFwrazNzMSkifSx7ImlkIjoidjEuMjUiLCJ0eXBlIjoiY2hhbm5lbCIsImxpbmtzIjp7InNlbGYiOiJodHRwczovL3VwZGF0ZS5rM3MuaW8vdjEtcmVsZWFzZS9jaGFubmVscy92MS4yNSJ9LCJuYW1lIjoidjEuMjUiLCJsYXRlc3QiOiJ2MS4yNS4xNitrM3M0IiwibGF0ZXN0UmVnZXhwIjoidjFcXC4yNVxcLi4qIiwiZXhjbHVkZVJlZ2V4cCI6IiheW14rXSstfHYxXFwuMjVcXC41XFwrazNzMSkifSx7ImlkIjoidjEuMjYiLCJ0eXBlIjoiY2hhbm5lbCIsImxpbmtzIjp7InNlbGYiOiJodHRwczovL3VwZGF0ZS5rM3MuaW8vdjEtcmVsZWFzZS9jaGFubmVscy92MS4yNiJ9LCJuYW1lIjoidjEuMjYiLCJsYXRlc3QiOiJ2MS4yNi4xNStrM3MxIiwibGF0ZXN0UmVnZXhwIjoidjFcXC4yNlxcLi4qIiwiZXhjbHVkZVJlZ2V4cCI6IiheW14rXSstfHYxXFwuMjZcXC4wXFwrazNzMSkifSx7ImlkIjoidjEuMjciLCJ0eXBlIjoiY2hhbm5lbCIsImxpbmtzIjp7InNlbGYiOiJodHRwczovL3VwZGF0ZS5rM3MuaW8vdjEtcmVsZWFzZS9jaGFubmVscy92MS4yNyJ9LCJuYW1lIjoidjEuMjciLCJsYXRlc3QiOiJ2MS4yNy4xNitrM3MxIiwibGF0ZXN0UmVnZXhwIjoidjFcXC4yN1xcLi4qIiwiZXhjbHVkZVJlZ2V4cCI6Il5bXitdKy0ifSx7ImlkIjoidjEuMjgiLCJ0eXBlIjoiY2hhbm5lbCIsImxpbmtzIjp7InNlbGYiOiJodHRwczovL3VwZGF0ZS5rM3MuaW8vdjEtcmVsZWFzZS9jaGFubmVscy92MS4yOCJ9LCJuYW1lIjoidjEuMjgiLCJsYXRlc3QiOiJ2MS4yOC4xNStrM3MxIiwibGF0ZXN0UmVnZXhwIjoidjFcXC4yOFxcLi4qIiwiZXhjbHVkZVJlZ2V4cCI6Il5bXitdKy0ifSx7ImlkIjoidjEuMjkiLCJ0eXBlIjoiY2hhbm5lbCIsImxpbmtzIjp7InNlbGYiOiJodHRwczovL3VwZGF0ZS5rM3MuaW8vdjEtcmVsZWFzZS9jaGFubmVscy92MS4yOSJ9LCJuYW1lIjoidjEuMjkiLCJsYXRlc3QiOiJ2MS4yOS4xMytrM3MxIiwibGF0ZXN0UmVnZXhwIjoidjFcXC4yOVxcLi4qIiwiZXhjbHVkZVJlZ2V4cCI6Il5bXitdKy0ifSx7ImlkIjoidjEuMzAiLCJ0eXBlIjoiY2hhbm5lbCIsImxpbmtzIjp7InNlbGYiOiJodHRwczovL3VwZGF0ZS5rM3MuaW8vdjEtcmVsZWFzZS9jaGFubmVscy92MS4zMCJ9LCJuYW1lIjoidjEuMzAiLCJsYXRlc3QiOiJ2MS4zMC45K2szczEiLCJsYXRlc3RSZWdleHAiOiJ2MVxcLjMwXFwuLioiLCJleGNsdWRlUmVnZXhwIjoiXlteK10rLSJ9LHsiaWQiOiJ2MS4zMSIsInR5cGUiOiJjaGFubmVsIiwibGlua3MiOnsic2VsZiI6Imh0dHBzOi8vdXBkYXRlLmszcy5pby92MS1yZWxlYXNlL2NoYW5uZWxzL3YxLjMxIn0sIm5hbWUiOiJ2MS4zMSIsImxhdGVzdCI6InYxLjMxLjUrazNzMSIsImxhdGVzdFJlZ2V4cCI6InYxXFwuMzFcXC4uKiIsImV4Y2x1ZGVSZWdleHAiOiJeW14rXSstIn0seyJpZCI6InYxLjMyIiwidHlwZSI6ImNoYW5uZWwiLCJsaW5rcyI6eyJzZWxmIjoiaHR0cHM6Ly91cGRhdGUuazNzLmlvL3YxLXJlbGVhc2UvY2hhbm5lbHMvdjEuMzIifSwibmFtZSI6InYxLjMyIiwibGF0ZXN0IjoidjEuMzIuMStrM3MxIiwibGF0ZXN0UmVnZXhwIjoidjFcXC4zMlxcLi4qIiwiZXhjbHVkZVJlZ2V4cCI6Il5bXitdKy0ifV19Cg==",
            "response_headers": {
              "Accept-Ranges": "bytes",
              "Age": "2775",
              "Alt-Svc": "h3=\":443\"; ma=86400",
              "Cache-Control": "max-age=14400",
              "Cf-Cache-Status": "HIT",
              "Cf-Ray": "917003dae9207c5b-LAX",
              "Content-Type": "application/json",
              "Date": "Mon, 24 Feb 2025 14:06:14 GMT",
              "Expires": "Wed 24 Feb 1982 18:42:00 GMT",
              "Last-Modified": "Mon, 24 Feb 2025 12:39:55 GMT",
              "Nel": "{\"success_fraction\":0,\"report_to\":\"cf-nel\",\"max_age\":604800}",
              "Report-To": "{\"endpoints\":[{\"url\":\"https:\\/\\/a.nel.cloudflare.com\\/report\\/v4?s=ZMa90K3M%2BOj3vBJOVKM%2BI1j3eL30Al3aXsJ7OujVTCojwYw19Ez3v724wKoAXU3qkSl29wB221O1WmKgonCmS04VsYyAZiTxNBbuh4w4lIXL9DnRrdhGrUn%2FKfujG0pq\"}],\"group\":\"cf-nel\",\"max_age\":604800}",
              "Server": "cloudflare",
              "Server-Timing": "cfL4;desc=\"?proto=TCP\u0026rtt=190103\u0026min_rtt=189570\u0026rtt_var=40506\u0026sent=7\u0026recv=9\u0026lost=0\u0026retrans=0\u0026sent_bytes=3157\u0026recv_bytes=504\u0026delivery_rate=22143\u0026cwnd=238\u0026unsent_bytes=0\u0026cid=cd675af7909e29bc\u0026ts=232\u0026x=0\"",
              "Strict-Transport-Security": "max-age=15552000; includeSubDomains; preload",
              "Vary": "Accept-Encoding",
              "X-Api-Schemas": "https://update.k3s.io/v1-release/schemas",
              "X-Content-Type-Options": "nosniff"
            },
            "retry": null,
            "status_code": 200,
            "url": "https://update.k3s.io/v1-release/channels"
          },
          "sensitive_attributes": []
        }
      ]
    },
    {
      "module": "module.k3s.module.k3s",
      "mode": "managed",
      "type": "null_resource",
      "name": "k8s_ca_certificates_install",
      "provider": "provider[\"registry.terraform.io/hashicorp/null\"]",
      "instances": [
        {
          "index_key": 0,
          "schema_version": 0,
          "attributes": {
            "id": "7832464220505346022",
            "triggers": null
          },
          "sensitive_attributes": [],
          "dependencies": [
            "module.cvm.data.tencentcloud_availability_zones_by_product.default",
            "module.cvm.data.tencentcloud_images.default",
            "module.cvm.data.tencentcloud_instance_types.default",
            "module.cvm.tencentcloud_instance.ubuntu",
            "module.cvm.tencentcloud_route_table.tf_routetable",
            "module.cvm.tencentcloud_security_group.web_sg",
            "module.cvm.tencentcloud_security_group_rule.all",
            "module.cvm.tencentcloud_security_group_rule.grafana",
            "module.cvm.tencentcloud_security_group_rule.http",
            "module.cvm.tencentcloud_security_group_rule.https",
            "module.cvm.tencentcloud_security_group_rule.icmp",
            "module.cvm.tencentcloud_security_group_rule.k8s",
            "module.cvm.tencentcloud_security_group_rule.ssh",
            "module.cvm.tencentcloud_security_group_rule.ssh_login",
            "module.cvm.tencentcloud_security_group_rule.submariner_1",
            "module.cvm.tencentcloud_security_group_rule.submariner_2",
            "module.cvm.tencentcloud_security_group_rule.submariner_3",
            "module.cvm.tencentcloud_security_group_rule.thanos_bucket",
            "module.cvm.tencentcloud_security_group_rule.thanos_compact",
            "module.cvm.tencentcloud_security_group_rule.thanos_grpc",
            "module.cvm.tencentcloud_security_group_rule.thanos_http",
            "module.cvm.tencentcloud_security_group_rule.thanos_web",
            "module.cvm.tencentcloud_security_group_rule.web_egrees_any",
            "module.cvm.tencentcloud_subnet.tf_service_subnet",
            "module.cvm.tencentcloud_vpc.tf_vpc",
            "module.k3s.module.k3s.tls_private_key.kubernetes_ca",
            "module.k3s.module.k3s.tls_self_signed_cert.kubernetes_ca_certs"
          ]
        },
        {
          "index_key": 1,
          "schema_version": 0,
          "attributes": {
            "id": "3010795460973571094",
            "triggers": null
          },
          "sensitive_attributes": [],
          "dependencies": [
            "module.cvm.data.tencentcloud_availability_zones_by_product.default",
            "module.cvm.data.tencentcloud_images.default",
            "module.cvm.data.tencentcloud_instance_types.default",
            "module.cvm.tencentcloud_instance.ubuntu",
            "module.cvm.tencentcloud_route_table.tf_routetable",
            "module.cvm.tencentcloud_security_group.web_sg",
            "module.cvm.tencentcloud_security_group_rule.all",
            "module.cvm.tencentcloud_security_group_rule.grafana",
            "module.cvm.tencentcloud_security_group_rule.http",
            "module.cvm.tencentcloud_security_group_rule.https",
            "module.cvm.tencentcloud_security_group_rule.icmp",
            "module.cvm.tencentcloud_security_group_rule.k8s",
            "module.cvm.tencentcloud_security_group_rule.ssh",
            "module.cvm.tencentcloud_security_group_rule.ssh_login",
            "module.cvm.tencentcloud_security_group_rule.submariner_1",
            "module.cvm.tencentcloud_security_group_rule.submariner_2",
            "module.cvm.tencentcloud_security_group_rule.submariner_3",
            "module.cvm.tencentcloud_security_group_rule.thanos_bucket",
            "module.cvm.tencentcloud_security_group_rule.thanos_compact",
            "module.cvm.tencentcloud_security_group_rule.thanos_grpc",
            "module.cvm.tencentcloud_security_group_rule.thanos_http",
            "module.cvm.tencentcloud_security_group_rule.thanos_web",
            "module.cvm.tencentcloud_security_group_rule.web_egrees_any",
            "module.cvm.tencentcloud_subnet.tf_service_subnet",
            "module.cvm.tencentcloud_vpc.tf_vpc",
            "module.k3s.module.k3s.tls_private_key.kubernetes_ca",
            "module.k3s.module.k3s.tls_self_signed_cert.kubernetes_ca_certs"
          ]
        },
        {
          "index_key": 2,
          "schema_version": 0,
          "attributes": {
            "id": "538888654713666503",
            "triggers": null
          },
          "sensitive_attributes": [],
          "dependencies": [
            "module.cvm.data.tencentcloud_availability_zones_by_product.default",
            "module.cvm.data.tencentcloud_images.default",
            "module.cvm.data.tencentcloud_instance_types.default",
            "module.cvm.tencentcloud_instance.ubuntu",
            "module.cvm.tencentcloud_route_table.tf_routetable",
            "module.cvm.tencentcloud_security_group.web_sg",
            "module.cvm.tencentcloud_security_group_rule.all",
            "module.cvm.tencentcloud_security_group_rule.grafana",
            "module.cvm.tencentcloud_security_group_rule.http",
            "module.cvm.tencentcloud_security_group_rule.https",
            "module.cvm.tencentcloud_security_group_rule.icmp",
            "module.cvm.tencentcloud_security_group_rule.k8s",
            "module.cvm.tencentcloud_security_group_rule.ssh",
            "module.cvm.tencentcloud_security_group_rule.ssh_login",
            "module.cvm.tencentcloud_security_group_rule.submariner_1",
            "module.cvm.tencentcloud_security_group_rule.submariner_2",
            "module.cvm.tencentcloud_security_group_rule.submariner_3",
            "module.cvm.tencentcloud_security_group_rule.thanos_bucket",
            "module.cvm.tencentcloud_security_group_rule.thanos_compact",
            "module.cvm.tencentcloud_security_group_rule.thanos_grpc",
            "module.cvm.tencentcloud_security_group_rule.thanos_http",
            "module.cvm.tencentcloud_security_group_rule.thanos_web",
            "module.cvm.tencentcloud_security_group_rule.web_egrees_any",
            "module.cvm.tencentcloud_subnet.tf_service_subnet",
            "module.cvm.tencentcloud_vpc.tf_vpc",
            "module.k3s.module.k3s.tls_private_key.kubernetes_ca",
            "module.k3s.module.k3s.tls_self_signed_cert.kubernetes_ca_certs"
          ]
        },
        {
          "index_key": 3,
          "schema_version": 0,
          "attributes": {
            "id": "47881756652279149",
            "triggers": null
          },
          "sensitive_attributes": [],
          "dependencies": [
            "module.cvm.data.tencentcloud_availability_zones_by_product.default",
            "module.cvm.data.tencentcloud_images.default",
            "module.cvm.data.tencentcloud_instance_types.default",
            "module.cvm.tencentcloud_instance.ubuntu",
            "module.cvm.tencentcloud_route_table.tf_routetable",
            "module.cvm.tencentcloud_security_group.web_sg",
            "module.cvm.tencentcloud_security_group_rule.all",
            "module.cvm.tencentcloud_security_group_rule.grafana",
            "module.cvm.tencentcloud_security_group_rule.http",
            "module.cvm.tencentcloud_security_group_rule.https",
            "module.cvm.tencentcloud_security_group_rule.icmp",
            "module.cvm.tencentcloud_security_group_rule.k8s",
            "module.cvm.tencentcloud_security_group_rule.ssh",
            "module.cvm.tencentcloud_security_group_rule.ssh_login",
            "module.cvm.tencentcloud_security_group_rule.submariner_1",
            "module.cvm.tencentcloud_security_group_rule.submariner_2",
            "module.cvm.tencentcloud_security_group_rule.submariner_3",
            "module.cvm.tencentcloud_security_group_rule.thanos_bucket",
            "module.cvm.tencentcloud_security_group_rule.thanos_compact",
            "module.cvm.tencentcloud_security_group_rule.thanos_grpc",
            "module.cvm.tencentcloud_security_group_rule.thanos_http",
            "module.cvm.tencentcloud_security_group_rule.thanos_web",
            "module.cvm.tencentcloud_security_group_rule.web_egrees_any",
            "module.cvm.tencentcloud_subnet.tf_service_subnet",
            "module.cvm.tencentcloud_vpc.tf_vpc",
            "module.k3s.module.k3s.tls_private_key.kubernetes_ca",
            "module.k3s.module.k3s.tls_self_signed_cert.kubernetes_ca_certs"
          ]
        },
        {
          "index_key": 4,
          "schema_version": 0,
          "attributes": {
            "id": "4656572164613481722",
            "triggers": null
          },
          "sensitive_attributes": [],
          "dependencies": [
            "module.cvm.data.tencentcloud_availability_zones_by_product.default",
            "module.cvm.data.tencentcloud_images.default",
            "module.cvm.data.tencentcloud_instance_types.default",
            "module.cvm.tencentcloud_instance.ubuntu",
            "module.cvm.tencentcloud_route_table.tf_routetable",
            "module.cvm.tencentcloud_security_group.web_sg",
            "module.cvm.tencentcloud_security_group_rule.all",
            "module.cvm.tencentcloud_security_group_rule.grafana",
            "module.cvm.tencentcloud_security_group_rule.http",
            "module.cvm.tencentcloud_security_group_rule.https",
            "module.cvm.tencentcloud_security_group_rule.icmp",
            "module.cvm.tencentcloud_security_group_rule.k8s",
            "module.cvm.tencentcloud_security_group_rule.ssh",
            "module.cvm.tencentcloud_security_group_rule.ssh_login",
            "module.cvm.tencentcloud_security_group_rule.submariner_1",
            "module.cvm.tencentcloud_security_group_rule.submariner_2",
            "module.cvm.tencentcloud_security_group_rule.submariner_3",
            "module.cvm.tencentcloud_security_group_rule.thanos_bucket",
            "module.cvm.tencentcloud_security_group_rule.thanos_compact",
            "module.cvm.tencentcloud_security_group_rule.thanos_grpc",
            "module.cvm.tencentcloud_security_group_rule.thanos_http",
            "module.cvm.tencentcloud_security_group_rule.thanos_web",
            "module.cvm.tencentcloud_security_group_rule.web_egrees_any",
            "module.cvm.tencentcloud_subnet.tf_service_subnet",
            "module.cvm.tencentcloud_vpc.tf_vpc",
            "module.k3s.module.k3s.tls_private_key.kubernetes_ca",
            "module.k3s.module.k3s.tls_self_signed_cert.kubernetes_ca_certs"
          ]
        },
        {
          "index_key": 5,
          "schema_version": 0,
          "attributes": {
            "id": "1052455007585940362",
            "triggers": null
          },
          "sensitive_attributes": [],
          "dependencies": [
            "module.cvm.data.tencentcloud_availability_zones_by_product.default",
            "module.cvm.data.tencentcloud_images.default",
            "module.cvm.data.tencentcloud_instance_types.default",
            "module.cvm.tencentcloud_instance.ubuntu",
            "module.cvm.tencentcloud_route_table.tf_routetable",
            "module.cvm.tencentcloud_security_group.web_sg",
            "module.cvm.tencentcloud_security_group_rule.all",
            "module.cvm.tencentcloud_security_group_rule.grafana",
            "module.cvm.tencentcloud_security_group_rule.http",
            "module.cvm.tencentcloud_security_group_rule.https",
            "module.cvm.tencentcloud_security_group_rule.icmp",
            "module.cvm.tencentcloud_security_group_rule.k8s",
            "module.cvm.tencentcloud_security_group_rule.ssh",
            "module.cvm.tencentcloud_security_group_rule.ssh_login",
            "module.cvm.tencentcloud_security_group_rule.submariner_1",
            "module.cvm.tencentcloud_security_group_rule.submariner_2",
            "module.cvm.tencentcloud_security_group_rule.submariner_3",
            "module.cvm.tencentcloud_security_group_rule.thanos_bucket",
            "module.cvm.tencentcloud_security_group_rule.thanos_compact",
            "module.cvm.tencentcloud_security_group_rule.thanos_grpc",
            "module.cvm.tencentcloud_security_group_rule.thanos_http",
            "module.cvm.tencentcloud_security_group_rule.thanos_web",
            "module.cvm.tencentcloud_security_group_rule.web_egrees_any",
            "module.cvm.tencentcloud_subnet.tf_service_subnet",
            "module.cvm.tencentcloud_vpc.tf_vpc",
            "module.k3s.module.k3s.tls_private_key.kubernetes_ca",
            "module.k3s.module.k3s.tls_self_signed_cert.kubernetes_ca_certs"
          ]
        }
      ]
    },
    {
      "module": "module.k3s.module.k3s",
      "mode": "managed",
      "type": "random_password",
      "name": "k3s_cluster_secret",
      "provider": "provider[\"registry.terraform.io/hashicorp/random\"]",
      "instances": [
        {
          "schema_version": 3,
          "attributes": {
            "bcrypt_hash": "$2a$10$vRWmtB/R.C6j9L8VIPUuheJtuvOL7B1gKxf9Op3UbqEvw8bpfhT/e",
            "id": "none",
            "keepers": null,
            "length": 48,
            "lower": true,
            "min_lower": 0,
            "min_numeric": 0,
            "min_special": 0,
            "min_upper": 0,
            "number": true,
            "numeric": true,
            "override_special": null,
            "result": "Lp3YvsxF109hUOkbcwXYOoYhI58QkblHAUbP9t1SNMXwSSqv",
            "special": false,
            "upper": true
          },
          "sensitive_attributes": [
            [
              {
                "type": "get_attr",
                "value": "bcrypt_hash"
              }
            ],
            [
              {
                "type": "get_attr",
                "value": "result"
              }
            ]
          ],
          "dependencies": [
            "module.cvm.data.tencentcloud_availability_zones_by_product.default",
            "module.cvm.data.tencentcloud_images.default",
            "module.cvm.data.tencentcloud_instance_types.default",
            "module.cvm.tencentcloud_instance.ubuntu",
            "module.cvm.tencentcloud_route_table.tf_routetable",
            "module.cvm.tencentcloud_security_group.web_sg",
            "module.cvm.tencentcloud_security_group_rule.all",
            "module.cvm.tencentcloud_security_group_rule.grafana",
            "module.cvm.tencentcloud_security_group_rule.http",
            "module.cvm.tencentcloud_security_group_rule.https",
            "module.cvm.tencentcloud_security_group_rule.icmp",
            "module.cvm.tencentcloud_security_group_rule.k8s",
            "module.cvm.tencentcloud_security_group_rule.ssh",
            "module.cvm.tencentcloud_security_group_rule.ssh_login",
            "module.cvm.tencentcloud_security_group_rule.submariner_1",
            "module.cvm.tencentcloud_security_group_rule.submariner_2",
            "module.cvm.tencentcloud_security_group_rule.submariner_3",
            "module.cvm.tencentcloud_security_group_rule.thanos_bucket",
            "module.cvm.tencentcloud_security_group_rule.thanos_compact",
            "module.cvm.tencentcloud_security_group_rule.thanos_grpc",
            "module.cvm.tencentcloud_security_group_rule.thanos_http",
            "module.cvm.tencentcloud_security_group_rule.thanos_web",
            "module.cvm.tencentcloud_security_group_rule.web_egrees_any",
            "module.cvm.tencentcloud_subnet.tf_service_subnet",
            "module.cvm.tencentcloud_vpc.tf_vpc"
          ]
        }
      ]
    },
    {
      "module": "module.k3s.module.k3s",
      "mode": "managed",
      "type": "tls_cert_request",
      "name": "master_user",
      "provider": "provider[\"registry.terraform.io/hashicorp/tls\"]",
      "instances": [
        {
          "index_key": 0,
          "schema_version": 0,
          "attributes": {
            "cert_request_pem": "-----BEGIN CERTIFICATE REQUEST-----\nMIIBJzCBrgIBADAvMRcwFQYDVQQKEw5zeXN0ZW06bWFzdGVyczEUMBIGA1UEAxML\nbWFzdGVyLXVzZXIwdjAQBgcqhkjOPQIBBgUrgQQAIgNiAARdOsk8wE4UlR/hCjrK\nYk6Dnu8gg0osaFR6LU3OSzy9vNVVDtnWQMQBZF52vKHJ0tiGQsT30cl3IZIq0azW\nWRY6ij8/+YcjQiWrgOAoX2defakDZjuSvO5pK/k6nUViTRugADAKBggqhkjOPQQD\nAwNoADBlAjAc4fXk1NPpNdZ0TG77Hm5BfeY+DUZX+MZz56Rn+gm1hDMCBFejic82\nx2tvtxRoK3ECMQDrtPsNAszJGS3xu1sM/Xs+QEKGqwFQFLiJuG4DxJIfgvG6OsLn\n2La6NlDBmVGRksA=\n-----END CERTIFICATE REQUEST-----\n",
            "dns_names": null,
            "id": "5dedcc0e970833352c86b1d06ec8f12331c52731",
            "ip_addresses": null,
            "key_algorithm": "ECDSA",
            "private_key_pem": "-----BEGIN EC PRIVATE KEY-----\nMIGkAgEBBDCoFXvEA8lbY2mR28z2+iGGcjZjqhk6klydfMoI7K1BTw/I3C9k2CT1\nVVO21t0RuR6gBwYFK4EEACKhZANiAARdOsk8wE4UlR/hCjrKYk6Dnu8gg0osaFR6\nLU3OSzy9vNVVDtnWQMQBZF52vKHJ0tiGQsT30cl3IZIq0azWWRY6ij8/+YcjQiWr\ngOAoX2defakDZjuSvO5pK/k6nUViTRs=\n-----END EC PRIVATE KEY-----\n",
            "subject": [
              {
                "common_name": "master-user",
                "country": null,
                "locality": null,
                "organization": "system:masters",
                "organizational_unit": null,
                "postal_code": null,
                "province": null,
                "serial_number": null,
                "street_address": null
              }
            ],
            "uris": null
          },
          "sensitive_attributes": [
            [
              {
                "type": "get_attr",
                "value": "private_key_pem"
              }
            ]
          ],
          "dependencies": [
            "module.cvm.data.tencentcloud_availability_zones_by_product.default",
            "module.cvm.data.tencentcloud_images.default",
            "module.cvm.data.tencentcloud_instance_types.default",
            "module.cvm.tencentcloud_instance.ubuntu",
            "module.cvm.tencentcloud_route_table.tf_routetable",
            "module.cvm.tencentcloud_security_group.web_sg",
            "module.cvm.tencentcloud_security_group_rule.all",
            "module.cvm.tencentcloud_security_group_rule.grafana",
            "module.cvm.tencentcloud_security_group_rule.http",
            "module.cvm.tencentcloud_security_group_rule.https",
            "module.cvm.tencentcloud_security_group_rule.icmp",
            "module.cvm.tencentcloud_security_group_rule.k8s",
            "module.cvm.tencentcloud_security_group_rule.ssh",
            "module.cvm.tencentcloud_security_group_rule.ssh_login",
            "module.cvm.tencentcloud_security_group_rule.submariner_1",
            "module.cvm.tencentcloud_security_group_rule.submariner_2",
            "module.cvm.tencentcloud_security_group_rule.submariner_3",
            "module.cvm.tencentcloud_security_group_rule.thanos_bucket",
            "module.cvm.tencentcloud_security_group_rule.thanos_compact",
            "module.cvm.tencentcloud_security_group_rule.thanos_grpc",
            "module.cvm.tencentcloud_security_group_rule.thanos_http",
            "module.cvm.tencentcloud_security_group_rule.thanos_web",
            "module.cvm.tencentcloud_security_group_rule.web_egrees_any",
            "module.cvm.tencentcloud_subnet.tf_service_subnet",
            "module.cvm.tencentcloud_vpc.tf_vpc",
            "module.k3s.module.k3s.tls_private_key.master_user"
          ]
        }
      ]
    },
    {
      "module": "module.k3s.module.k3s",
      "mode": "managed",
      "type": "tls_locally_signed_cert",
      "name": "master_user",
      "provider": "provider[\"registry.terraform.io/hashicorp/tls\"]",
      "instances": [
        {
          "index_key": 0,
          "schema_version": 0,
          "attributes": {
            "allowed_uses": [
              "key_encipherment",
              "digital_signature",
              "client_auth"
            ],
            "ca_cert_pem": "-----BEGIN CERTIFICATE-----\nMIIBvjCCAUSgAwIBAgIRAL3/uB71MdlkBDGll5p10mYwCgYIKoZIzj0EAwMwHzEd\nMBsGA1UEAxMUa3ViZXJuZXRlcy1jbGllbnQtY2EwIBcNMjUwMjI0MTQwNjEyWhgP\nMjEyNTAyMjUxNDA2MTJaMB8xHTAbBgNVBAMTFGt1YmVybmV0ZXMtY2xpZW50LWNh\nMHYwEAYHKoZIzj0CAQYFK4EEACIDYgAEa/2EQ3bP5YQHZTVO8zBSPetrz71mIks7\npv3e7yhyOPifDD7iY8WFYiPdcaOxWn+Il0Uh3tycK9RZEFF1fUVzKOqDxeIkmSwT\nlGmuwPExVmkuGOs59tA+dvGJmq7269lno0IwQDAOBgNVHQ8BAf8EBAMCAqQwDwYD\nVR0TAQH/BAUwAwEB/zAdBgNVHQ4EFgQUQQjJXclFPHW/WsFlprpdAxkdgdUwCgYI\nKoZIzj0EAwMDaAAwZQIxAL/dL09rm8XYzTTySBBTS353oavXv0XpX3yT8KMiKIzn\nv0cxY7xpnqCs2eidAwCAnwIwLtn5d78DiAEyhgnHbHIfJPEqpHWzSAzP3OjWfX8B\nqIieAUfNwcUDJh0t9sXKPIdL\n-----END CERTIFICATE-----\n",
            "ca_key_algorithm": "ECDSA",
            "ca_private_key_pem": "-----BEGIN EC PRIVATE KEY-----\nMIGkAgEBBDABx5Of9XAAo34k0yuW2Hu7LcFaz0NmA9BQjt47BDEl14H6One1eA5P\n82kKsbQFqfCgBwYFK4EEACKhZANiAARr/YRDds/lhAdlNU7zMFI962vPvWYiSzum\n/d7vKHI4+J8MPuJjxYViI91xo7Faf4iXRSHe3Jwr1FkQUXV9RXMo6oPF4iSZLBOU\naa7A8TFWaS4Y6zn20D528Ymarvbr2Wc=\n-----END EC PRIVATE KEY-----\n",
            "cert_pem": "-----BEGIN CERTIFICATE-----\nMIIB4TCCAWegAwIBAgIQW69viz3D4bbsfIgYQoHU6DAKBggqhkjOPQQDAzAfMR0w\nGwYDVQQDExRrdWJlcm5ldGVzLWNsaWVudC1jYTAgFw0yNTAyMjQxNDA2MTJaGA8y\nMTI1MDIyNTE0MDYxMlowLzEXMBUGA1UEChMOc3lzdGVtOm1hc3RlcnMxFDASBgNV\nBAMTC21hc3Rlci11c2VyMHYwEAYHKoZIzj0CAQYFK4EEACIDYgAEXTrJPMBOFJUf\n4Qo6ymJOg57vIINKLGhUei1Nzks8vbzVVQ7Z1kDEAWRedryhydLYhkLE99HJdyGS\nKtGs1lkWOoo/P/mHI0Ilq4DgKF9nXn2pA2Y7krzuaSv5Op1FYk0bo1YwVDAOBgNV\nHQ8BAf8EBAMCBaAwEwYDVR0lBAwwCgYIKwYBBQUHAwIwDAYDVR0TAQH/BAIwADAf\nBgNVHSMEGDAWgBRBCMldyUU8db9awWWmul0DGR2B1TAKBggqhkjOPQQDAwNoADBl\nAjA+WsvHxb6LioLoxybwJQ1uRs4hCP07C1gIaA7bp6LtsvArjuooWsxlFK2u4hyk\nSE8CMQC90N/RdBoSDrul4S0Jyx/fWBkeqses4v7uU7pkQaANPQz3//5QjDZmdjlp\nFFxzScY=\n-----END CERTIFICATE-----\n",
            "cert_request_pem": "-----BEGIN CERTIFICATE REQUEST-----\nMIIBJzCBrgIBADAvMRcwFQYDVQQKEw5zeXN0ZW06bWFzdGVyczEUMBIGA1UEAxML\nbWFzdGVyLXVzZXIwdjAQBgcqhkjOPQIBBgUrgQQAIgNiAARdOsk8wE4UlR/hCjrK\nYk6Dnu8gg0osaFR6LU3OSzy9vNVVDtnWQMQBZF52vKHJ0tiGQsT30cl3IZIq0azW\nWRY6ij8/+YcjQiWrgOAoX2defakDZjuSvO5pK/k6nUViTRugADAKBggqhkjOPQQD\nAwNoADBlAjAc4fXk1NPpNdZ0TG77Hm5BfeY+DUZX+MZz56Rn+gm1hDMCBFejic82\nx2tvtxRoK3ECMQDrtPsNAszJGS3xu1sM/Xs+QEKGqwFQFLiJuG4DxJIfgvG6OsLn\n2La6NlDBmVGRksA=\n-----END CERTIFICATE REQUEST-----\n",
            "early_renewal_hours": 0,
            "id": "121870661945966926128132876685057053928",
            "is_ca_certificate": false,
            "ready_for_renewal": false,
            "set_subject_key_id": false,
            "validity_end_time": "2125-02-25T22:06:12.854031176+08:00",
            "validity_period_hours": 876600,
            "validity_start_time": "2025-02-24T22:06:12.854031176+08:00"
          },
          "sensitive_attributes": [
            [
              {
                "type": "get_attr",
                "value": "ca_private_key_pem"
              }
            ]
          ],
          "dependencies": [
            "module.cvm.data.tencentcloud_availability_zones_by_product.default",
            "module.cvm.data.tencentcloud_images.default",
            "module.cvm.data.tencentcloud_instance_types.default",
            "module.cvm.tencentcloud_instance.ubuntu",
            "module.cvm.tencentcloud_route_table.tf_routetable",
            "module.cvm.tencentcloud_security_group.web_sg",
            "module.cvm.tencentcloud_security_group_rule.all",
            "module.cvm.tencentcloud_security_group_rule.grafana",
            "module.cvm.tencentcloud_security_group_rule.http",
            "module.cvm.tencentcloud_security_group_rule.https",
            "module.cvm.tencentcloud_security_group_rule.icmp",
            "module.cvm.tencentcloud_security_group_rule.k8s",
            "module.cvm.tencentcloud_security_group_rule.ssh",
            "module.cvm.tencentcloud_security_group_rule.ssh_login",
            "module.cvm.tencentcloud_security_group_rule.submariner_1",
            "module.cvm.tencentcloud_security_group_rule.submariner_2",
            "module.cvm.tencentcloud_security_group_rule.submariner_3",
            "module.cvm.tencentcloud_security_group_rule.thanos_bucket",
            "module.cvm.tencentcloud_security_group_rule.thanos_compact",
            "module.cvm.tencentcloud_security_group_rule.thanos_grpc",
            "module.cvm.tencentcloud_security_group_rule.thanos_http",
            "module.cvm.tencentcloud_security_group_rule.thanos_web",
            "module.cvm.tencentcloud_security_group_rule.web_egrees_any",
            "module.cvm.tencentcloud_subnet.tf_service_subnet",
            "module.cvm.tencentcloud_vpc.tf_vpc",
            "module.k3s.module.k3s.tls_cert_request.master_user",
            "module.k3s.module.k3s.tls_private_key.kubernetes_ca",
            "module.k3s.module.k3s.tls_private_key.master_user",
            "module.k3s.module.k3s.tls_self_signed_cert.kubernetes_ca_certs"
          ]
        }
      ]
    },
    {
      "module": "module.k3s.module.k3s",
      "mode": "managed",
      "type": "tls_private_key",
      "name": "kubernetes_ca",
      "provider": "provider[\"registry.terraform.io/hashicorp/tls\"]",
      "instances": [
        {
          "index_key": 0,
          "schema_version": 1,
          "attributes": {
            "algorithm": "ECDSA",
            "ecdsa_curve": "P384",
            "id": "6d5afcb798cfbfe5112d4dd9dcea821372f94b37",
            "private_key_openssh": "-----BEGIN OPENSSH PRIVATE KEY-----\nb3BlbnNzaC1rZXktdjEAAAAABG5vbmUAAAAEbm9uZQAAAAAAAAABAAAAiAAAABNl\nY2RzYS1zaGEyLW5pc3RwMzg0AAAACG5pc3RwMzg0AAAAYQRr/YRDds/lhAdlNU7z\nMFI962vPvWYiSzum/d7vKHI4+J8MPuJjxYViI91xo7Faf4iXRSHe3Jwr1FkQUXV9\nRXMo6oPF4iSZLBOUaa7A8TFWaS4Y6zn20D528Ymarvbr2WcAAADImVsGtJlbBrQA\nAAATZWNkc2Etc2hhMi1uaXN0cDM4NAAAAAhuaXN0cDM4NAAAAGEEa/2EQ3bP5YQH\nZTVO8zBSPetrz71mIks7pv3e7yhyOPifDD7iY8WFYiPdcaOxWn+Il0Uh3tycK9RZ\nEFF1fUVzKOqDxeIkmSwTlGmuwPExVmkuGOs59tA+dvGJmq7269lnAAAAMAHHk5/1\ncACjfiTTK5bYe7stwVrPQ2YD0FCO3jsEMSXXgfo6d7V4Dk/zaQqxtAWp8AAAAAA=\n-----END OPENSSH PRIVATE KEY-----\n",
            "private_key_pem": "-----BEGIN EC PRIVATE KEY-----\nMIGkAgEBBDABx5Of9XAAo34k0yuW2Hu7LcFaz0NmA9BQjt47BDEl14H6One1eA5P\n82kKsbQFqfCgBwYFK4EEACKhZANiAARr/YRDds/lhAdlNU7zMFI962vPvWYiSzum\n/d7vKHI4+J8MPuJjxYViI91xo7Faf4iXRSHe3Jwr1FkQUXV9RXMo6oPF4iSZLBOU\naa7A8TFWaS4Y6zn20D528Ymarvbr2Wc=\n-----END EC PRIVATE KEY-----\n",
            "private_key_pem_pkcs8": "-----BEGIN PRIVATE KEY-----\nMIG2AgEAMBAGByqGSM49AgEGBSuBBAAiBIGeMIGbAgEBBDABx5Of9XAAo34k0yuW\n2Hu7LcFaz0NmA9BQjt47BDEl14H6One1eA5P82kKsbQFqfChZANiAARr/YRDds/l\nhAdlNU7zMFI962vPvWYiSzum/d7vKHI4+J8MPuJjxYViI91xo7Faf4iXRSHe3Jwr\n1FkQUXV9RXMo6oPF4iSZLBOUaa7A8TFWaS4Y6zn20D528Ymarvbr2Wc=\n-----END PRIVATE KEY-----\n",
            "public_key_fingerprint_md5": "6b:92:a6:c7:72:59:5a:0b:d4:7f:80:ab:ff:ad:1d:58",
            "public_key_fingerprint_sha256": "SHA256:eSClrkRMIaoqVGFP2Rxwm4t9VeYTPpoUcauGI/qre10",
            "public_key_openssh": "ecdsa-sha2-nistp384 AAAAE2VjZHNhLXNoYTItbmlzdHAzODQAAAAIbmlzdHAzODQAAABhBGv9hEN2z+WEB2U1TvMwUj3ra8+9ZiJLO6b93u8ocjj4nww+4mPFhWIj3XGjsVp/iJdFId7cnCvUWRBRdX1Fcyjqg8XiJJksE5RprsDxMVZpLhjrOfbQPnbxiZqu9uvZZw==\n",
            "public_key_pem": "-----BEGIN PUBLIC KEY-----\nMHYwEAYHKoZIzj0CAQYFK4EEACIDYgAEa/2EQ3bP5YQHZTVO8zBSPetrz71mIks7\npv3e7yhyOPifDD7iY8WFYiPdcaOxWn+Il0Uh3tycK9RZEFF1fUVzKOqDxeIkmSwT\nlGmuwPExVmkuGOs59tA+dvGJmq7269ln\n-----END PUBLIC KEY-----\n",
            "rsa_bits": 2048
          },
          "sensitive_attributes": [
            [
              {
                "type": "get_attr",
                "value": "private_key_pem"
              }
            ],
            [
              {
                "type": "get_attr",
                "value": "private_key_pem_pkcs8"
              }
            ],
            [
              {
                "type": "get_attr",
                "value": "private_key_openssh"
              }
            ]
          ],
          "dependencies": [
            "module.cvm.data.tencentcloud_availability_zones_by_product.default",
            "module.cvm.data.tencentcloud_images.default",
            "module.cvm.data.tencentcloud_instance_types.default",
            "module.cvm.tencentcloud_instance.ubuntu",
            "module.cvm.tencentcloud_route_table.tf_routetable",
            "module.cvm.tencentcloud_security_group.web_sg",
            "module.cvm.tencentcloud_security_group_rule.all",
            "module.cvm.tencentcloud_security_group_rule.grafana",
            "module.cvm.tencentcloud_security_group_rule.http",
            "module.cvm.tencentcloud_security_group_rule.https",
            "module.cvm.tencentcloud_security_group_rule.icmp",
            "module.cvm.tencentcloud_security_group_rule.k8s",
            "module.cvm.tencentcloud_security_group_rule.ssh",
            "module.cvm.tencentcloud_security_group_rule.ssh_login",
            "module.cvm.tencentcloud_security_group_rule.submariner_1",
            "module.cvm.tencentcloud_security_group_rule.submariner_2",
            "module.cvm.tencentcloud_security_group_rule.submariner_3",
            "module.cvm.tencentcloud_security_group_rule.thanos_bucket",
            "module.cvm.tencentcloud_security_group_rule.thanos_compact",
            "module.cvm.tencentcloud_security_group_rule.thanos_grpc",
            "module.cvm.tencentcloud_security_group_rule.thanos_http",
            "module.cvm.tencentcloud_security_group_rule.thanos_web",
            "module.cvm.tencentcloud_security_group_rule.web_egrees_any",
            "module.cvm.tencentcloud_subnet.tf_service_subnet",
            "module.cvm.tencentcloud_vpc.tf_vpc"
          ]
        },
        {
          "index_key": 1,
          "schema_version": 1,
          "attributes": {
            "algorithm": "ECDSA",
            "ecdsa_curve": "P384",
            "id": "da2364efe6fe4cafc473a6ea5d4ba7e6b73df3f7",
            "private_key_openssh": "-----BEGIN OPENSSH PRIVATE KEY-----\nb3BlbnNzaC1rZXktdjEAAAAABG5vbmUAAAAEbm9uZQAAAAAAAAABAAAAiAAAABNl\nY2RzYS1zaGEyLW5pc3RwMzg0AAAACG5pc3RwMzg0AAAAYQSYiVTzkgUE8Sn5uHVL\ngGYBH0hejIHZch0+QDP8CNthNwqq1gLlLnnNdLpspfFKwICpk9uij3dgcgFE0EOK\nfs00i2KfQwJ75BqJsHX93uOVRAllq9gvjp1EeX3KnzY0kCkAAADI1ho8tNYaPLQA\nAAATZWNkc2Etc2hhMi1uaXN0cDM4NAAAAAhuaXN0cDM4NAAAAGEEmIlU85IFBPEp\n+bh1S4BmAR9IXoyB2XIdPkAz/AjbYTcKqtYC5S55zXS6bKXxSsCAqZPboo93YHIB\nRNBDin7NNItin0MCe+QaibB1/d7jlUQJZavYL46dRHl9yp82NJApAAAAMAsQLzRf\nYlthqYVivN9yE4nH/+9i8YcUjyLKBx38Tw2NOsAL9ePZhPmIAYwcC4LNtwAAAAA=\n-----END OPENSSH PRIVATE KEY-----\n",
            "private_key_pem": "-----BEGIN EC PRIVATE KEY-----\nMIGkAgEBBDALEC80X2JbYamFYrzfchOJx//vYvGHFI8iygcd/E8NjTrAC/Xj2YT5\niAGMHAuCzbegBwYFK4EEACKhZANiAASYiVTzkgUE8Sn5uHVLgGYBH0hejIHZch0+\nQDP8CNthNwqq1gLlLnnNdLpspfFKwICpk9uij3dgcgFE0EOKfs00i2KfQwJ75BqJ\nsHX93uOVRAllq9gvjp1EeX3KnzY0kCk=\n-----END EC PRIVATE KEY-----\n",
            "private_key_pem_pkcs8": "-----BEGIN PRIVATE KEY-----\nMIG2AgEAMBAGByqGSM49AgEGBSuBBAAiBIGeMIGbAgEBBDALEC80X2JbYamFYrzf\nchOJx//vYvGHFI8iygcd/E8NjTrAC/Xj2YT5iAGMHAuCzbehZANiAASYiVTzkgUE\n8Sn5uHVLgGYBH0hejIHZch0+QDP8CNthNwqq1gLlLnnNdLpspfFKwICpk9uij3dg\ncgFE0EOKfs00i2KfQwJ75BqJsHX93uOVRAllq9gvjp1EeX3KnzY0kCk=\n-----END PRIVATE KEY-----\n",
            "public_key_fingerprint_md5": "3c:a5:a3:d4:ee:d0:2c:ec:41:d6:2f:ba:6e:ae:b4:1f",
            "public_key_fingerprint_sha256": "SHA256:O654hryBjR1T8Nqh4tryz4MyvEU19f7I/F/l63B4xZU",
            "public_key_openssh": "ecdsa-sha2-nistp384 AAAAE2VjZHNhLXNoYTItbmlzdHAzODQAAAAIbmlzdHAzODQAAABhBJiJVPOSBQTxKfm4dUuAZgEfSF6MgdlyHT5AM/wI22E3CqrWAuUuec10umyl8UrAgKmT26KPd2ByAUTQQ4p+zTSLYp9DAnvkGomwdf3e45VECWWr2C+OnUR5fcqfNjSQKQ==\n",
            "public_key_pem": "-----BEGIN PUBLIC KEY-----\nMHYwEAYHKoZIzj0CAQYFK4EEACIDYgAEmIlU85IFBPEp+bh1S4BmAR9IXoyB2XId\nPkAz/AjbYTcKqtYC5S55zXS6bKXxSsCAqZPboo93YHIBRNBDin7NNItin0MCe+Qa\nibB1/d7jlUQJZavYL46dRHl9yp82NJAp\n-----END PUBLIC KEY-----\n",
            "rsa_bits": 2048
          },
          "sensitive_attributes": [
            [
              {
                "type": "get_attr",
                "value": "private_key_pem"
              }
            ],
            [
              {
                "type": "get_attr",
                "value": "private_key_pem_pkcs8"
              }
            ],
            [
              {
                "type": "get_attr",
                "value": "private_key_openssh"
              }
            ]
          ],
          "dependencies": [
            "module.cvm.data.tencentcloud_availability_zones_by_product.default",
            "module.cvm.data.tencentcloud_images.default",
            "module.cvm.data.tencentcloud_instance_types.default",
            "module.cvm.tencentcloud_instance.ubuntu",
            "module.cvm.tencentcloud_route_table.tf_routetable",
            "module.cvm.tencentcloud_security_group.web_sg",
            "module.cvm.tencentcloud_security_group_rule.all",
            "module.cvm.tencentcloud_security_group_rule.grafana",
            "module.cvm.tencentcloud_security_group_rule.http",
            "module.cvm.tencentcloud_security_group_rule.https",
            "module.cvm.tencentcloud_security_group_rule.icmp",
            "module.cvm.tencentcloud_security_group_rule.k8s",
            "module.cvm.tencentcloud_security_group_rule.ssh",
            "module.cvm.tencentcloud_security_group_rule.ssh_login",
            "module.cvm.tencentcloud_security_group_rule.submariner_1",
            "module.cvm.tencentcloud_security_group_rule.submariner_2",
            "module.cvm.tencentcloud_security_group_rule.submariner_3",
            "module.cvm.tencentcloud_security_group_rule.thanos_bucket",
            "module.cvm.tencentcloud_security_group_rule.thanos_compact",
            "module.cvm.tencentcloud_security_group_rule.thanos_grpc",
            "module.cvm.tencentcloud_security_group_rule.thanos_http",
            "module.cvm.tencentcloud_security_group_rule.thanos_web",
            "module.cvm.tencentcloud_security_group_rule.web_egrees_any",
            "module.cvm.tencentcloud_subnet.tf_service_subnet",
            "module.cvm.tencentcloud_vpc.tf_vpc"
          ]
        },
        {
          "index_key": 2,
          "schema_version": 1,
          "attributes": {
            "algorithm": "ECDSA",
            "ecdsa_curve": "P384",
            "id": "2f85fd74360e41f4df74f6227eb7822712434160",
            "private_key_openssh": "-----BEGIN OPENSSH PRIVATE KEY-----\nb3BlbnNzaC1rZXktdjEAAAAABG5vbmUAAAAEbm9uZQAAAAAAAAABAAAAiAAAABNl\nY2RzYS1zaGEyLW5pc3RwMzg0AAAACG5pc3RwMzg0AAAAYQR9p4ljfVOqsFdfM6tb\nMTLnf9iDkqTU9uuJKgqRIZ5h9DYL30Ny4FjWEVXPld1F8pRwyWZyNgAK8aMMFTWI\nwPy/JUDmeRp6UwndqoKHN5wOg7i6ZoWhs//2sKVA8tiLWVsAAADQXCLqp1wi6qcA\nAAATZWNkc2Etc2hhMi1uaXN0cDM4NAAAAAhuaXN0cDM4NAAAAGEEfaeJY31TqrBX\nXzOrWzEy53/Yg5Kk1PbriSoKkSGeYfQ2C99DcuBY1hFVz5XdRfKUcMlmcjYACvGj\nDBU1iMD8vyVA5nkaelMJ3aqChzecDoO4umaFobP/9rClQPLYi1lbAAAAMQC8uz95\nIT/i2vjJx7bh7F+bANoYiq3cXYr9GC7ILQT8oG+AwZRMef17jf+t5k8XvJAAAAAA\nAQIDBAUGBw==\n-----END OPENSSH PRIVATE KEY-----\n",
            "private_key_pem": "-----BEGIN EC PRIVATE KEY-----\nMIGkAgEBBDC8uz95IT/i2vjJx7bh7F+bANoYiq3cXYr9GC7ILQT8oG+AwZRMef17\njf+t5k8XvJCgBwYFK4EEACKhZANiAAR9p4ljfVOqsFdfM6tbMTLnf9iDkqTU9uuJ\nKgqRIZ5h9DYL30Ny4FjWEVXPld1F8pRwyWZyNgAK8aMMFTWIwPy/JUDmeRp6Uwnd\nqoKHN5wOg7i6ZoWhs//2sKVA8tiLWVs=\n-----END EC PRIVATE KEY-----\n",
            "private_key_pem_pkcs8": "-----BEGIN PRIVATE KEY-----\nMIG2AgEAMBAGByqGSM49AgEGBSuBBAAiBIGeMIGbAgEBBDC8uz95IT/i2vjJx7bh\n7F+bANoYiq3cXYr9GC7ILQT8oG+AwZRMef17jf+t5k8XvJChZANiAAR9p4ljfVOq\nsFdfM6tbMTLnf9iDkqTU9uuJKgqRIZ5h9DYL30Ny4FjWEVXPld1F8pRwyWZyNgAK\n8aMMFTWIwPy/JUDmeRp6UwndqoKHN5wOg7i6ZoWhs//2sKVA8tiLWVs=\n-----END PRIVATE KEY-----\n",
            "public_key_fingerprint_md5": "0a:9b:7b:33:ca:4c:bb:de:57:6c:8d:38:f4:ff:03:1a",
            "public_key_fingerprint_sha256": "SHA256:RttB9rtq8zUodPe7X4kBRUW5KUO59ow414qQ9/cY1o8",
            "public_key_openssh": "ecdsa-sha2-nistp384 AAAAE2VjZHNhLXNoYTItbmlzdHAzODQAAAAIbmlzdHAzODQAAABhBH2niWN9U6qwV18zq1sxMud/2IOSpNT264kqCpEhnmH0NgvfQ3LgWNYRVc+V3UXylHDJZnI2AArxowwVNYjA/L8lQOZ5GnpTCd2qgoc3nA6DuLpmhaGz//awpUDy2ItZWw==\n",
            "public_key_pem": "-----BEGIN PUBLIC KEY-----\nMHYwEAYHKoZIzj0CAQYFK4EEACIDYgAEfaeJY31TqrBXXzOrWzEy53/Yg5Kk1Pbr\niSoKkSGeYfQ2C99DcuBY1hFVz5XdRfKUcMlmcjYACvGjDBU1iMD8vyVA5nkaelMJ\n3aqChzecDoO4umaFobP/9rClQPLYi1lb\n-----END PUBLIC KEY-----\n",
            "rsa_bits": 2048
          },
          "sensitive_attributes": [
            [
              {
                "type": "get_attr",
                "value": "private_key_pem"
              }
            ],
            [
              {
                "type": "get_attr",
                "value": "private_key_pem_pkcs8"
              }
            ],
            [
              {
                "type": "get_attr",
                "value": "private_key_openssh"
              }
            ]
          ],
          "dependencies": [
            "module.cvm.data.tencentcloud_availability_zones_by_product.default",
            "module.cvm.data.tencentcloud_images.default",
            "module.cvm.data.tencentcloud_instance_types.default",
            "module.cvm.tencentcloud_instance.ubuntu",
            "module.cvm.tencentcloud_route_table.tf_routetable",
            "module.cvm.tencentcloud_security_group.web_sg",
            "module.cvm.tencentcloud_security_group_rule.all",
            "module.cvm.tencentcloud_security_group_rule.grafana",
            "module.cvm.tencentcloud_security_group_rule.http",
            "module.cvm.tencentcloud_security_group_rule.https",
            "module.cvm.tencentcloud_security_group_rule.icmp",
            "module.cvm.tencentcloud_security_group_rule.k8s",
            "module.cvm.tencentcloud_security_group_rule.ssh",
            "module.cvm.tencentcloud_security_group_rule.ssh_login",
            "module.cvm.tencentcloud_security_group_rule.submariner_1",
            "module.cvm.tencentcloud_security_group_rule.submariner_2",
            "module.cvm.tencentcloud_security_group_rule.submariner_3",
            "module.cvm.tencentcloud_security_group_rule.thanos_bucket",
            "module.cvm.tencentcloud_security_group_rule.thanos_compact",
            "module.cvm.tencentcloud_security_group_rule.thanos_grpc",
            "module.cvm.tencentcloud_security_group_rule.thanos_http",
            "module.cvm.tencentcloud_security_group_rule.thanos_web",
            "module.cvm.tencentcloud_security_group_rule.web_egrees_any",
            "module.cvm.tencentcloud_subnet.tf_service_subnet",
            "module.cvm.tencentcloud_vpc.tf_vpc"
          ]
        }
      ]
    },
    {
      "module": "module.k3s.module.k3s",
      "mode": "managed",
      "type": "tls_private_key",
      "name": "master_user",
      "provider": "provider[\"registry.terraform.io/hashicorp/tls\"]",
      "instances": [
        {
          "index_key": 0,
          "schema_version": 1,
          "attributes": {
            "algorithm": "ECDSA",
            "ecdsa_curve": "P384",
            "id": "d06f18ba18b7493a0e4d0ef85144c1446d6a3c16",
            "private_key_openssh": "-----BEGIN OPENSSH PRIVATE KEY-----\nb3BlbnNzaC1rZXktdjEAAAAABG5vbmUAAAAEbm9uZQAAAAAAAAABAAAAiAAAABNl\nY2RzYS1zaGEyLW5pc3RwMzg0AAAACG5pc3RwMzg0AAAAYQRdOsk8wE4UlR/hCjrK\nYk6Dnu8gg0osaFR6LU3OSzy9vNVVDtnWQMQBZF52vKHJ0tiGQsT30cl3IZIq0azW\nWRY6ij8/+YcjQiWrgOAoX2defakDZjuSvO5pK/k6nUViTRsAAADQIq5i3SKuYt0A\nAAATZWNkc2Etc2hhMi1uaXN0cDM4NAAAAAhuaXN0cDM4NAAAAGEEXTrJPMBOFJUf\n4Qo6ymJOg57vIINKLGhUei1Nzks8vbzVVQ7Z1kDEAWRedryhydLYhkLE99HJdyGS\nKtGs1lkWOoo/P/mHI0Ilq4DgKF9nXn2pA2Y7krzuaSv5Op1FYk0bAAAAMQCoFXvE\nA8lbY2mR28z2+iGGcjZjqhk6klydfMoI7K1BTw/I3C9k2CT1VVO21t0RuR4AAAAA\nAQIDBAUGBw==\n-----END OPENSSH PRIVATE KEY-----\n",
            "private_key_pem": "-----BEGIN EC PRIVATE KEY-----\nMIGkAgEBBDCoFXvEA8lbY2mR28z2+iGGcjZjqhk6klydfMoI7K1BTw/I3C9k2CT1\nVVO21t0RuR6gBwYFK4EEACKhZANiAARdOsk8wE4UlR/hCjrKYk6Dnu8gg0osaFR6\nLU3OSzy9vNVVDtnWQMQBZF52vKHJ0tiGQsT30cl3IZIq0azWWRY6ij8/+YcjQiWr\ngOAoX2defakDZjuSvO5pK/k6nUViTRs=\n-----END EC PRIVATE KEY-----\n",
            "private_key_pem_pkcs8": "-----BEGIN PRIVATE KEY-----\nMIG2AgEAMBAGByqGSM49AgEGBSuBBAAiBIGeMIGbAgEBBDCoFXvEA8lbY2mR28z2\n+iGGcjZjqhk6klydfMoI7K1BTw/I3C9k2CT1VVO21t0RuR6hZANiAARdOsk8wE4U\nlR/hCjrKYk6Dnu8gg0osaFR6LU3OSzy9vNVVDtnWQMQBZF52vKHJ0tiGQsT30cl3\nIZIq0azWWRY6ij8/+YcjQiWrgOAoX2defakDZjuSvO5pK/k6nUViTRs=\n-----END PRIVATE KEY-----\n",
            "public_key_fingerprint_md5": "eb:49:a0:25:42:bd:f9:39:c5:2c:16:c3:5c:eb:90:16",
            "public_key_fingerprint_sha256": "SHA256:kPnMOYLpA0BBi2Tts3yQjN3veaJErHCeKwH/4Lkb1QQ",
            "public_key_openssh": "ecdsa-sha2-nistp384 AAAAE2VjZHNhLXNoYTItbmlzdHAzODQAAAAIbmlzdHAzODQAAABhBF06yTzAThSVH+EKOspiToOe7yCDSixoVHotTc5LPL281VUO2dZAxAFkXna8ocnS2IZCxPfRyXchkirRrNZZFjqKPz/5hyNCJauA4ChfZ159qQNmO5K87mkr+TqdRWJNGw==\n",
            "public_key_pem": "-----BEGIN PUBLIC KEY-----\nMHYwEAYHKoZIzj0CAQYFK4EEACIDYgAEXTrJPMBOFJUf4Qo6ymJOg57vIINKLGhU\nei1Nzks8vbzVVQ7Z1kDEAWRedryhydLYhkLE99HJdyGSKtGs1lkWOoo/P/mHI0Il\nq4DgKF9nXn2pA2Y7krzuaSv5Op1FYk0b\n-----END PUBLIC KEY-----\n",
            "rsa_bits": 2048
          },
          "sensitive_attributes": [
            [
              {
                "type": "get_attr",
                "value": "private_key_openssh"
              }
            ],
            [
              {
                "type": "get_attr",
                "value": "private_key_pem_pkcs8"
              }
            ],
            [
              {
                "type": "get_attr",
                "value": "private_key_pem"
              }
            ]
          ],
          "dependencies": [
            "module.cvm.data.tencentcloud_availability_zones_by_product.default",
            "module.cvm.data.tencentcloud_images.default",
            "module.cvm.data.tencentcloud_instance_types.default",
            "module.cvm.tencentcloud_instance.ubuntu",
            "module.cvm.tencentcloud_route_table.tf_routetable",
            "module.cvm.tencentcloud_security_group.web_sg",
            "module.cvm.tencentcloud_security_group_rule.all",
            "module.cvm.tencentcloud_security_group_rule.grafana",
            "module.cvm.tencentcloud_security_group_rule.http",
            "module.cvm.tencentcloud_security_group_rule.https",
            "module.cvm.tencentcloud_security_group_rule.icmp",
            "module.cvm.tencentcloud_security_group_rule.k8s",
            "module.cvm.tencentcloud_security_group_rule.ssh",
            "module.cvm.tencentcloud_security_group_rule.ssh_login",
            "module.cvm.tencentcloud_security_group_rule.submariner_1",
            "module.cvm.tencentcloud_security_group_rule.submariner_2",
            "module.cvm.tencentcloud_security_group_rule.submariner_3",
            "module.cvm.tencentcloud_security_group_rule.thanos_bucket",
            "module.cvm.tencentcloud_security_group_rule.thanos_compact",
            "module.cvm.tencentcloud_security_group_rule.thanos_grpc",
            "module.cvm.tencentcloud_security_group_rule.thanos_http",
            "module.cvm.tencentcloud_security_group_rule.thanos_web",
            "module.cvm.tencentcloud_security_group_rule.web_egrees_any",
            "module.cvm.tencentcloud_subnet.tf_service_subnet",
            "module.cvm.tencentcloud_vpc.tf_vpc"
          ]
        }
      ]
    },
    {
      "module": "module.k3s.module.k3s",
      "mode": "managed",
      "type": "tls_self_signed_cert",
      "name": "kubernetes_ca_certs",
      "provider": "provider[\"registry.terraform.io/hashicorp/tls\"]",
      "instances": [
        {
          "index_key": "0",
          "schema_version": 0,
          "attributes": {
            "allowed_uses": [
              "digital_signature",
              "key_encipherment",
              "cert_signing"
            ],
            "cert_pem": "-----BEGIN CERTIFICATE-----\nMIIBvjCCAUSgAwIBAgIRAL3/uB71MdlkBDGll5p10mYwCgYIKoZIzj0EAwMwHzEd\nMBsGA1UEAxMUa3ViZXJuZXRlcy1jbGllbnQtY2EwIBcNMjUwMjI0MTQwNjEyWhgP\nMjEyNTAyMjUxNDA2MTJaMB8xHTAbBgNVBAMTFGt1YmVybmV0ZXMtY2xpZW50LWNh\nMHYwEAYHKoZIzj0CAQYFK4EEACIDYgAEa/2EQ3bP5YQHZTVO8zBSPetrz71mIks7\npv3e7yhyOPifDD7iY8WFYiPdcaOxWn+Il0Uh3tycK9RZEFF1fUVzKOqDxeIkmSwT\nlGmuwPExVmkuGOs59tA+dvGJmq7269lno0IwQDAOBgNVHQ8BAf8EBAMCAqQwDwYD\nVR0TAQH/BAUwAwEB/zAdBgNVHQ4EFgQUQQjJXclFPHW/WsFlprpdAxkdgdUwCgYI\nKoZIzj0EAwMDaAAwZQIxAL/dL09rm8XYzTTySBBTS353oavXv0XpX3yT8KMiKIzn\nv0cxY7xpnqCs2eidAwCAnwIwLtn5d78DiAEyhgnHbHIfJPEqpHWzSAzP3OjWfX8B\nqIieAUfNwcUDJh0t9sXKPIdL\n-----END CERTIFICATE-----\n",
            "dns_names": null,
            "early_renewal_hours": 0,
            "id": "252551861318371519729276998529150472806",
            "ip_addresses": null,
            "is_ca_certificate": true,
            "key_algorithm": "ECDSA",
            "private_key_pem": "-----BEGIN EC PRIVATE KEY-----\nMIGkAgEBBDABx5Of9XAAo34k0yuW2Hu7LcFaz0NmA9BQjt47BDEl14H6One1eA5P\n82kKsbQFqfCgBwYFK4EEACKhZANiAARr/YRDds/lhAdlNU7zMFI962vPvWYiSzum\n/d7vKHI4+J8MPuJjxYViI91xo7Faf4iXRSHe3Jwr1FkQUXV9RXMo6oPF4iSZLBOU\naa7A8TFWaS4Y6zn20D528Ymarvbr2Wc=\n-----END EC PRIVATE KEY-----\n",
            "ready_for_renewal": false,
            "set_authority_key_id": false,
            "set_subject_key_id": false,
            "subject": [
              {
                "common_name": "kubernetes-client-ca",
                "country": null,
                "locality": null,
                "organization": null,
                "organizational_unit": null,
                "postal_code": null,
                "province": null,
                "serial_number": null,
                "street_address": null
              }
            ],
            "uris": null,
            "validity_end_time": "2125-02-25T22:06:12.795146181+08:00",
            "validity_period_hours": 876600,
            "validity_start_time": "2025-02-24T22:06:12.795146181+08:00"
          },
          "sensitive_attributes": [
            [
              {
                "type": "get_attr",
                "value": "private_key_pem"
              }
            ]
          ],
          "dependencies": [
            "module.cvm.data.tencentcloud_availability_zones_by_product.default",
            "module.cvm.data.tencentcloud_images.default",
            "module.cvm.data.tencentcloud_instance_types.default",
            "module.cvm.tencentcloud_instance.ubuntu",
            "module.cvm.tencentcloud_route_table.tf_routetable",
            "module.cvm.tencentcloud_security_group.web_sg",
            "module.cvm.tencentcloud_security_group_rule.all",
            "module.cvm.tencentcloud_security_group_rule.grafana",
            "module.cvm.tencentcloud_security_group_rule.http",
            "module.cvm.tencentcloud_security_group_rule.https",
            "module.cvm.tencentcloud_security_group_rule.icmp",
            "module.cvm.tencentcloud_security_group_rule.k8s",
            "module.cvm.tencentcloud_security_group_rule.ssh",
            "module.cvm.tencentcloud_security_group_rule.ssh_login",
            "module.cvm.tencentcloud_security_group_rule.submariner_1",
            "module.cvm.tencentcloud_security_group_rule.submariner_2",
            "module.cvm.tencentcloud_security_group_rule.submariner_3",
            "module.cvm.tencentcloud_security_group_rule.thanos_bucket",
            "module.cvm.tencentcloud_security_group_rule.thanos_compact",
            "module.cvm.tencentcloud_security_group_rule.thanos_grpc",
            "module.cvm.tencentcloud_security_group_rule.thanos_http",
            "module.cvm.tencentcloud_security_group_rule.thanos_web",
            "module.cvm.tencentcloud_security_group_rule.web_egrees_any",
            "module.cvm.tencentcloud_subnet.tf_service_subnet",
            "module.cvm.tencentcloud_vpc.tf_vpc",
            "module.k3s.module.k3s.tls_private_key.kubernetes_ca"
          ]
        },
        {
          "index_key": "1",
          "schema_version": 0,
          "attributes": {
            "allowed_uses": [
              "digital_signature",
              "key_encipherment",
              "cert_signing"
            ],
            "cert_pem": "-----BEGIN CERTIFICATE-----\nMIIBvjCCAUSgAwIBAgIRAMq6r3VgSVAsQzltcQ2LnRowCgYIKoZIzj0EAwMwHzEd\nMBsGA1UEAxMUa3ViZXJuZXRlcy1zZXJ2ZXItY2EwIBcNMjUwMjI0MTQwNjEyWhgP\nMjEyNTAyMjUxNDA2MTJaMB8xHTAbBgNVBAMTFGt1YmVybmV0ZXMtc2VydmVyLWNh\nMHYwEAYHKoZIzj0CAQYFK4EEACIDYgAEmIlU85IFBPEp+bh1S4BmAR9IXoyB2XId\nPkAz/AjbYTcKqtYC5S55zXS6bKXxSsCAqZPboo93YHIBRNBDin7NNItin0MCe+Qa\nibB1/d7jlUQJZavYL46dRHl9yp82NJApo0IwQDAOBgNVHQ8BAf8EBAMCAqQwDwYD\nVR0TAQH/BAUwAwEB/zAdBgNVHQ4EFgQUZGNr6KUcPkuY5XyWAwip/L3Z9hswCgYI\nKoZIzj0EAwMDaAAwZQIxAMbQSProoDNxdyZjsbvpq9chykYBbfNUmxn6XTWh9j0a\n7O0dfpmmoIxg7fzgQhbAewIwE37B+4ncrRMHLK9Gzl44W2y3zOi4cMaEHVrpyhxu\nFgf1egvp8kIs5ZuhmkZyBck7\n-----END CERTIFICATE-----\n",
            "dns_names": null,
            "early_renewal_hours": 0,
            "id": "269473381085415328610227774256191347994",
            "ip_addresses": null,
            "is_ca_certificate": true,
            "key_algorithm": "ECDSA",
            "private_key_pem": "-----BEGIN EC PRIVATE KEY-----\nMIGkAgEBBDALEC80X2JbYamFYrzfchOJx//vYvGHFI8iygcd/E8NjTrAC/Xj2YT5\niAGMHAuCzbegBwYFK4EEACKhZANiAASYiVTzkgUE8Sn5uHVLgGYBH0hejIHZch0+\nQDP8CNthNwqq1gLlLnnNdLpspfFKwICpk9uij3dgcgFE0EOKfs00i2KfQwJ75BqJ\nsHX93uOVRAllq9gvjp1EeX3KnzY0kCk=\n-----END EC PRIVATE KEY-----\n",
            "ready_for_renewal": false,
            "set_authority_key_id": false,
            "set_subject_key_id": false,
            "subject": [
              {
                "common_name": "kubernetes-server-ca",
                "country": null,
                "locality": null,
                "organization": null,
                "organizational_unit": null,
                "postal_code": null,
                "province": null,
                "serial_number": null,
                "street_address": null
              }
            ],
            "uris": null,
            "validity_end_time": "2125-02-25T22:06:12.798341381+08:00",
            "validity_period_hours": 876600,
            "validity_start_time": "2025-02-24T22:06:12.798341381+08:00"
          },
          "sensitive_attributes": [
            [
              {
                "type": "get_attr",
                "value": "private_key_pem"
              }
            ]
          ],
          "dependencies": [
            "module.cvm.data.tencentcloud_availability_zones_by_product.default",
            "module.cvm.data.tencentcloud_images.default",
            "module.cvm.data.tencentcloud_instance_types.default",
            "module.cvm.tencentcloud_instance.ubuntu",
            "module.cvm.tencentcloud_route_table.tf_routetable",
            "module.cvm.tencentcloud_security_group.web_sg",
            "module.cvm.tencentcloud_security_group_rule.all",
            "module.cvm.tencentcloud_security_group_rule.grafana",
            "module.cvm.tencentcloud_security_group_rule.http",
            "module.cvm.tencentcloud_security_group_rule.https",
            "module.cvm.tencentcloud_security_group_rule.icmp",
            "module.cvm.tencentcloud_security_group_rule.k8s",
            "module.cvm.tencentcloud_security_group_rule.ssh",
            "module.cvm.tencentcloud_security_group_rule.ssh_login",
            "module.cvm.tencentcloud_security_group_rule.submariner_1",
            "module.cvm.tencentcloud_security_group_rule.submariner_2",
            "module.cvm.tencentcloud_security_group_rule.submariner_3",
            "module.cvm.tencentcloud_security_group_rule.thanos_bucket",
            "module.cvm.tencentcloud_security_group_rule.thanos_compact",
            "module.cvm.tencentcloud_security_group_rule.thanos_grpc",
            "module.cvm.tencentcloud_security_group_rule.thanos_http",
            "module.cvm.tencentcloud_security_group_rule.thanos_web",
            "module.cvm.tencentcloud_security_group_rule.web_egrees_any",
            "module.cvm.tencentcloud_subnet.tf_service_subnet",
            "module.cvm.tencentcloud_vpc.tf_vpc",
            "module.k3s.module.k3s.tls_private_key.kubernetes_ca"
          ]
        },
        {
          "index_key": "2",
          "schema_version": 0,
          "attributes": {
            "allowed_uses": [
              "digital_signature",
              "key_encipherment",
              "cert_signing"
            ],
            "cert_pem": "-----BEGIN CERTIFICATE-----\nMIIB1jCCAVygAwIBAgIRAMp/VfqqismKOcg+Bdzr75MwCgYIKoZIzj0EAwMwKzEp\nMCcGA1UEAxMga3ViZXJuZXRlcy1yZXF1ZXN0LWhlYWRlci1rZXktY2EwIBcNMjUw\nMjI0MTQwNjEyWhgPMjEyNTAyMjUxNDA2MTJaMCsxKTAnBgNVBAMTIGt1YmVybmV0\nZXMtcmVxdWVzdC1oZWFkZXIta2V5LWNhMHYwEAYHKoZIzj0CAQYFK4EEACIDYgAE\nfaeJY31TqrBXXzOrWzEy53/Yg5Kk1PbriSoKkSGeYfQ2C99DcuBY1hFVz5XdRfKU\ncMlmcjYACvGjDBU1iMD8vyVA5nkaelMJ3aqChzecDoO4umaFobP/9rClQPLYi1lb\no0IwQDAOBgNVHQ8BAf8EBAMCAqQwDwYDVR0TAQH/BAUwAwEB/zAdBgNVHQ4EFgQU\nnE22JS5SZx6QeBJJ41hPL79L24kwCgYIKoZIzj0EAwMDaAAwZQIxAP6E8qL4Cjco\nfeZt3CwYeV225h0oHZd7+Q9hgeeW1EWYvfbPKmF0X3xoWzGsH+9fBgIwCjjuhvBm\n8tv3iRHn4d809+YlLyANx2vEfEYyaVpSWTnwcCJoCzuaHsD/oSf3T8BT\n-----END CERTIFICATE-----\n",
            "dns_names": null,
            "early_renewal_hours": 0,
            "id": "269165220714224103571675698643121991571",
            "ip_addresses": null,
            "is_ca_certificate": true,
            "key_algorithm": "ECDSA",
            "private_key_pem": "-----BEGIN EC PRIVATE KEY-----\nMIGkAgEBBDC8uz95IT/i2vjJx7bh7F+bANoYiq3cXYr9GC7ILQT8oG+AwZRMef17\njf+t5k8XvJCgBwYFK4EEACKhZANiAAR9p4ljfVOqsFdfM6tbMTLnf9iDkqTU9uuJ\nKgqRIZ5h9DYL30Ny4FjWEVXPld1F8pRwyWZyNgAK8aMMFTWIwPy/JUDmeRp6Uwnd\nqoKHN5wOg7i6ZoWhs//2sKVA8tiLWVs=\n-----END EC PRIVATE KEY-----\n",
            "ready_for_renewal": false,
            "set_authority_key_id": false,
            "set_subject_key_id": false,
            "subject": [
              {
                "common_name": "kubernetes-request-header-key-ca",
                "country": null,
                "locality": null,
                "organization": null,
                "organizational_unit": null,
                "postal_code": null,
                "province": null,
                "serial_number": null,
                "street_address": null
              }
            ],
            "uris": null,
            "validity_end_time": "2125-02-25T22:06:12.798399581+08:00",
            "validity_period_hours": 876600,
            "validity_start_time": "2025-02-24T22:06:12.798399581+08:00"
          },
          "sensitive_attributes": [
            [
              {
                "type": "get_attr",
                "value": "private_key_pem"
              }
            ]
          ],
          "dependencies": [
            "module.cvm.data.tencentcloud_availability_zones_by_product.default",
            "module.cvm.data.tencentcloud_images.default",
            "module.cvm.data.tencentcloud_instance_types.default",
            "module.cvm.tencentcloud_instance.ubuntu",
            "module.cvm.tencentcloud_route_table.tf_routetable",
            "module.cvm.tencentcloud_security_group.web_sg",
            "module.cvm.tencentcloud_security_group_rule.all",
            "module.cvm.tencentcloud_security_group_rule.grafana",
            "module.cvm.tencentcloud_security_group_rule.http",
            "module.cvm.tencentcloud_security_group_rule.https",
            "module.cvm.tencentcloud_security_group_rule.icmp",
            "module.cvm.tencentcloud_security_group_rule.k8s",
            "module.cvm.tencentcloud_security_group_rule.ssh",
            "module.cvm.tencentcloud_security_group_rule.ssh_login",
            "module.cvm.tencentcloud_security_group_rule.submariner_1",
            "module.cvm.tencentcloud_security_group_rule.submariner_2",
            "module.cvm.tencentcloud_security_group_rule.submariner_3",
            "module.cvm.tencentcloud_security_group_rule.thanos_bucket",
            "module.cvm.tencentcloud_security_group_rule.thanos_compact",
            "module.cvm.tencentcloud_security_group_rule.thanos_grpc",
            "module.cvm.tencentcloud_security_group_rule.thanos_http",
            "module.cvm.tencentcloud_security_group_rule.thanos_web",
            "module.cvm.tencentcloud_security_group_rule.web_egrees_any",
            "module.cvm.tencentcloud_subnet.tf_service_subnet",
            "module.cvm.tencentcloud_vpc.tf_vpc",
            "module.k3s.module.k3s.tls_private_key.kubernetes_ca"
          ]
        }
      ]
    }
  ],
  "check_results": [
    {
      "object_kind": "var",
      "config_addr": "module.k3s.module.k3s.var.k3s_install_env_vars",
      "status": "pass",
      "objects": [
        {
          "object_addr": "module.k3s.module.k3s.var.k3s_install_env_vars",
          "status": "pass"
        }
      ]
    },
    {
      "object_kind": "var",
      "config_addr": "module.k3s.module.k3s.var.name",
      "status": "unknown",
      "objects": [
        {
          "object_addr": "module.k3s.module.k3s.var.name",
          "status": "unknown"
        }
      ]
    },
    {
      "object_kind": "var",
      "config_addr": "module.k3s.module.k3s.var.servers",
      "status": "pass",
      "objects": [
        {
          "object_addr": "module.k3s.module.k3s.var.servers",
          "status": "pass"
        }
      ]
    },
    {
      "object_kind": "var",
      "config_addr": "module.k3s.module.k3s.var.agents",
      "status": "pass",
      "objects": [
        {
          "object_addr": "module.k3s.module.k3s.var.agents",
          "status": "pass"
        }
      ]
    }
  ]
}
