{
  "version": 4,
  "terraform_version": "1.10.5",
  "serial": 31,
  "lineage": "e605fc5b-c31d-e9f0-e19c-eda17d527887",
  "outputs": {
    "public_ip": {
      "value": "129.226.132.52",
      "type": "string"
    },
    "ragflow_ip": {
      "value": "http://129.226.132.52",
      "type": "string"
    },
    "vm_password": {
      "value": "password123",
      "type": "string"
    }
  },
  "resources": [
    {
      "mode": "data",
      "type": "tencentcloud_availability_zones_by_product",
      "name": "default",
      "provider": "provider[\"registry.terraform.io/tencentcloudstack/tencentcloud\"]",
      "instances": [
        {
          "schema_version": 0,
          "attributes": {
            "id": "1851109860",
            "include_unavailable": null,
            "name": null,
            "product": "cvm",
            "result_output_file": null,
            "zones": [
              {
                "description": "Hong Kong Zone 2",
                "id": "300002",
                "name": "ap-hongkong-2",
                "state": "AVAILABLE"
              },
              {
                "description": "Hong Kong Zone 3",
                "id": "300003",
                "name": "ap-hongkong-3",
                "state": "AVAILABLE"
              }
            ]
          },
          "sensitive_attributes": []
        }
      ]
    },
    {
      "mode": "data",
      "type": "tencentcloud_images",
      "name": "default",
      "provider": "provider[\"registry.terraform.io/tencentcloudstack/tencentcloud\"]",
      "instances": [
        {
          "schema_version": 0,
          "attributes": {
            "id": "2062346443",
            "image_id": null,
            "image_name_regex": null,
            "image_type": [
              "PUBLIC_IMAGE"
            ],
            "images": [
              {
                "architecture": "x86_64",
                "created_time": "",
                "image_creator": "",
                "image_description": "Ubuntu Server 24.04 LTS 64bit",
                "image_id": "img-mmytdhbn",
                "image_name": "Ubuntu Server 24.04 LTS 64bit",
                "image_size": 20,
                "image_source": "OFFICIAL",
                "image_state": "NORMAL",
                "image_type": "PUBLIC_IMAGE",
                "os_name": "Ubuntu Server 24.04 LTS 64bit",
                "platform": "Ubuntu",
                "snapshots": [],
                "support_cloud_init": true,
                "sync_percent": 0
              },
              {
                "architecture": "x86_64",
                "created_time": "",
                "image_creator": "",
                "image_description": "Ubuntu Server 22.04 LTS 64bit",
                "image_id": "img-487zeit5",
                "image_name": "Ubuntu Server 22.04 LTS 64bit",
                "image_size": 20,
                "image_source": "OFFICIAL",
                "image_state": "NORMAL",
                "image_type": "PUBLIC_IMAGE",
                "os_name": "Ubuntu Server 22.04 LTS 64bit",
                "platform": "Ubuntu",
                "snapshots": [],
                "support_cloud_init": true,
                "sync_percent": 0
              },
              {
                "architecture": "x86_64",
                "created_time": "",
                "image_creator": "",
                "image_description": "Ubuntu Server 22.04 LTS 64bit GRID16.2",
                "image_id": "img-fipweiwz",
                "image_name": "Ubuntu Server 22.04 LTS 64bit GRID16.2",
                "image_size": 20,
                "image_source": "OFFICIAL",
                "image_state": "NORMAL",
                "image_type": "PUBLIC_IMAGE",
                "os_name": "Ubuntu Server 22.04 LTS 64bit GRID16.2",
                "platform": "Ubuntu",
                "snapshots": [],
                "support_cloud_init": true,
                "sync_percent": 0
              },
              {
                "architecture": "x86_64",
                "created_time": "",
                "image_creator": "",
                "image_description": "Ubuntu Server 22.04 LTS 64bit UEFI版",
                "image_id": "img-7rotv4ux",
                "image_name": "Ubuntu Server 22.04 LTS 64bit UEFI版",
                "image_size": 20,
                "image_source": "OFFICIAL",
                "image_state": "NORMAL",
                "image_type": "PUBLIC_IMAGE",
                "os_name": "Ubuntu Server 22.04 LTS 64bit UEFI版",
                "platform": "Ubuntu",
                "snapshots": [],
                "support_cloud_init": true,
                "sync_percent": 0
              },
              {
                "architecture": "x86_64",
                "created_time": "",
                "image_creator": "",
                "image_description": "Ubuntu Server 22.04 LTS (TK4) 64bit UEFI版",
                "image_id": "img-gtti6pcv",
                "image_name": "Ubuntu Server 22.04 LTS (TK4) 64bit UEFI版",
                "image_size": 20,
                "image_source": "OFFICIAL",
                "image_state": "NORMAL",
                "image_type": "PUBLIC_IMAGE",
                "os_name": "Ubuntu Server 22.04 LTS (TK4) 64bit UEFI版",
                "platform": "Ubuntu",
                "snapshots": [],
                "support_cloud_init": true,
                "sync_percent": 0
              },
              {
                "architecture": "arm",
                "created_time": "",
                "image_creator": "",
                "image_description": "Ubuntu 22.04(arm64)",
                "image_id": "img-i17kwgfp",
                "image_name": "Ubuntu 22.04(arm64)",
                "image_size": 20,
                "image_source": "OFFICIAL",
                "image_state": "NORMAL",
                "image_type": "PUBLIC_IMAGE",
                "os_name": "Ubuntu 22.04(arm64)",
                "platform": "Ubuntu",
                "snapshots": [],
                "support_cloud_init": true,
                "sync_percent": 0
              },
              {
                "architecture": "x86_64",
                "created_time": "",
                "image_creator": "",
                "image_description": "Ubuntu Server 20.04 LTS 64bit",
                "image_id": "img-22trbn9x",
                "image_name": "Ubuntu Server 20.04 LTS 64bit",
                "image_size": 20,
                "image_source": "OFFICIAL",
                "image_state": "NORMAL",
                "image_type": "PUBLIC_IMAGE",
                "os_name": "Ubuntu Server 20.04 LTS 64bit",
                "platform": "Ubuntu",
                "snapshots": [],
                "support_cloud_init": true,
                "sync_percent": 0
              },
              {
                "architecture": "x86_64",
                "created_time": "",
                "image_creator": "",
                "image_description": "Ubuntu Server 20.04 LTS 64bit GRID16.2",
                "image_id": "img-rx55p5nv",
                "image_name": "Ubuntu Server 20.04 LTS 64bit GRID16.2",
                "image_size": 20,
                "image_source": "OFFICIAL",
                "image_state": "NORMAL",
                "image_type": "PUBLIC_IMAGE",
                "os_name": "Ubuntu Server 20.04 LTS 64bit GRID16.2",
                "platform": "Ubuntu",
                "snapshots": [],
                "support_cloud_init": true,
                "sync_percent": 0
              },
              {
                "architecture": "x86_64",
                "created_time": "",
                "image_creator": "",
                "image_description": "Ubuntu Server 20.04 LTS 64bit GRID11.1",
                "image_id": "img-j10l2cnz",
                "image_name": "Ubuntu Server 20.04 LTS 64bit GRID11.1",
                "image_size": 20,
                "image_source": "OFFICIAL",
                "image_state": "NORMAL",
                "image_type": "PUBLIC_IMAGE",
                "os_name": "Ubuntu Server 20.04 LTS 64bit GRID11.1",
                "platform": "Ubuntu",
                "snapshots": [],
                "support_cloud_init": true,
                "sync_percent": 0
              },
              {
                "architecture": "arm",
                "created_time": "",
                "image_creator": "",
                "image_description": "Ubuntu 20.04(arm64)",
                "image_id": "img-2eokmhf5",
                "image_name": "Ubuntu 20.04(arm64)",
                "image_size": 20,
                "image_source": "OFFICIAL",
                "image_state": "NORMAL",
                "image_type": "PUBLIC_IMAGE",
                "os_name": "Ubuntu 20.04(arm64)",
                "platform": "Ubuntu",
                "snapshots": [],
                "support_cloud_init": true,
                "sync_percent": 0
              },
              {
                "architecture": "x86_64",
                "created_time": "",
                "image_creator": "",
                "image_description": "Ubuntu Server 18.04 LTS 64bit",
                "image_id": "img-pi0ii46r",
                "image_name": "Ubuntu Server 18.04 LTS 64bit",
                "image_size": 20,
                "image_source": "OFFICIAL",
                "image_state": "NORMAL",
                "image_type": "PUBLIC_IMAGE",
                "os_name": "Ubuntu Server 18.04 LTS 64bit",
                "platform": "Ubuntu",
                "snapshots": [],
                "support_cloud_init": true,
                "sync_percent": 0
              },
              {
                "architecture": "arm",
                "created_time": "",
                "image_creator": "",
                "image_description": "Ubuntu 18.04(arm64)",
                "image_id": "img-9eh8c1p1",
                "image_name": "Ubuntu 18.04(arm64)",
                "image_size": 20,
                "image_source": "OFFICIAL",
                "image_state": "NORMAL",
                "image_type": "PUBLIC_IMAGE",
                "os_name": "Ubuntu 18.04(arm64)",
                "platform": "Ubuntu",
                "snapshots": [],
                "support_cloud_init": true,
                "sync_percent": 0
              },
              {
                "architecture": "x86_64",
                "created_time": "",
                "image_creator": "",
                "image_description": "Ubuntu Server 16.04 LTS 64bit",
                "image_id": "img-pyqx34y1",
                "image_name": "Ubuntu Server 16.04 LTS 64bit",
                "image_size": 20,
                "image_source": "OFFICIAL",
                "image_state": "NORMAL",
                "image_type": "PUBLIC_IMAGE",
                "os_name": "Ubuntu Server 16.04 LTS 64bit",
                "platform": "Ubuntu",
                "snapshots": [],
                "support_cloud_init": true,
                "sync_percent": 0
              },
              {
                "architecture": "i386",
                "created_time": "",
                "image_creator": "",
                "image_description": "Ubuntu Server 16.04 LTS 32bit",
                "image_id": "img-8u6dn6p1",
                "image_name": "Ubuntu Server 16.04 LTS 32bit",
                "image_size": 20,
                "image_source": "OFFICIAL",
                "image_state": "NORMAL",
                "image_type": "PUBLIC_IMAGE",
                "os_name": "Ubuntu Server 16.04 LTS 32bit",
                "platform": "Ubuntu",
                "snapshots": [],
                "support_cloud_init": true,
                "sync_percent": 0
              },
              {
                "architecture": "x86_64",
                "created_time": "",
                "image_creator": "",
                "image_description": "Ubuntu Server 14.04 LTS 64bit",
                "image_id": "img-3wnd9xpl",
                "image_name": "Ubuntu Server 14.04 LTS 64bit",
                "image_size": 20,
                "image_source": "OFFICIAL",
                "image_state": "NORMAL",
                "image_type": "PUBLIC_IMAGE",
                "os_name": "Ubuntu Server 14.04 LTS 64bit",
                "platform": "Ubuntu",
                "snapshots": [],
                "support_cloud_init": true,
                "sync_percent": 0
              },
              {
                "architecture": "i386",
                "created_time": "",
                "image_creator": "",
                "image_description": "Ubuntu Server 14.04 LTS 32bit",
                "image_id": "img-qpxvpujt",
                "image_name": "Ubuntu Server 14.04 LTS 32bit",
                "image_size": 50,
                "image_source": "OFFICIAL",
                "image_state": "NORMAL",
                "image_type": "PUBLIC_IMAGE",
                "os_name": "Ubuntu Server 14.04 LTS 32bit",
                "platform": "Ubuntu",
                "snapshots": [],
                "support_cloud_init": false,
                "sync_percent": 0
              }
            ],
            "instance_type": null,
            "os_name": "ubuntu",
            "result_output_file": null
          },
          "sensitive_attributes": []
        }
      ]
    },
    {
      "mode": "data",
      "type": "tencentcloud_instance_types",
      "name": "default",
      "provider": "provider[\"registry.terraform.io/tencentcloudstack/tencentcloud\"]",
      "instances": [
        {
          "schema_version": 0,
          "attributes": {
            "availability_zone": null,
            "cbs_filter": null,
            "cpu_core_count": 4,
            "exclude_sold_out": false,
            "filter": [
              {
                "name": "instance-family",
                "values": [
                  "SA5"
                ]
              }
            ],
            "gpu_core_count": null,
            "id": "455672349",
            "instance_types": [
              {
                "availability_zone": "ap-hongkong-2",
                "cbs_configs": [],
                "cpu_core_count": 4,
                "family": "SA5",
                "gpu_core_count": 0,
                "instance_charge_type": "PREPAID",
                "instance_type": "SA5.LARGE8",
                "memory_size": 8,
                "status": "SELL"
              },
              {
                "availability_zone": "ap-hongkong-3",
                "cbs_configs": [],
                "cpu_core_count": 4,
                "family": "SA5",
                "gpu_core_count": 0,
                "instance_charge_type": "PREPAID",
                "instance_type": "SA5.LARGE8",
                "memory_size": 8,
                "status": "SELL"
              },
              {
                "availability_zone": "ap-hongkong-2",
                "cbs_configs": [],
                "cpu_core_count": 4,
                "family": "SA5",
                "gpu_core_count": 0,
                "instance_charge_type": "POSTPAID_BY_HOUR",
                "instance_type": "SA5.LARGE8",
                "memory_size": 8,
                "status": "SELL"
              },
              {
                "availability_zone": "ap-hongkong-3",
                "cbs_configs": [],
                "cpu_core_count": 4,
                "family": "SA5",
                "gpu_core_count": 0,
                "instance_charge_type": "POSTPAID_BY_HOUR",
                "instance_type": "SA5.LARGE8",
                "memory_size": 8,
                "status": "SELL"
              },
              {
                "availability_zone": "ap-hongkong-2",
                "cbs_configs": [],
                "cpu_core_count": 4,
                "family": "SA5",
                "gpu_core_count": 0,
                "instance_charge_type": "SPOTPAID",
                "instance_type": "SA5.LARGE8",
                "memory_size": 8,
                "status": "SELL"
              },
              {
                "availability_zone": "ap-hongkong-3",
                "cbs_configs": [],
                "cpu_core_count": 4,
                "family": "SA5",
                "gpu_core_count": 0,
                "instance_charge_type": "SPOTPAID",
                "instance_type": "SA5.LARGE8",
                "memory_size": 8,
                "status": "SELL"
              },
              {
                "availability_zone": "ap-hongkong-2",
                "cbs_configs": [],
                "cpu_core_count": 4,
                "family": "SA5",
                "gpu_core_count": 0,
                "instance_charge_type": "PREPAID",
                "instance_type": "SA5.LARGE16",
                "memory_size": 16,
                "status": "SELL"
              },
              {
                "availability_zone": "ap-hongkong-3",
                "cbs_configs": [],
                "cpu_core_count": 4,
                "family": "SA5",
                "gpu_core_count": 0,
                "instance_charge_type": "PREPAID",
                "instance_type": "SA5.LARGE16",
                "memory_size": 16,
                "status": "SELL"
              },
              {
                "availability_zone": "ap-hongkong-2",
                "cbs_configs": [],
                "cpu_core_count": 4,
                "family": "SA5",
                "gpu_core_count": 0,
                "instance_charge_type": "POSTPAID_BY_HOUR",
                "instance_type": "SA5.LARGE16",
                "memory_size": 16,
                "status": "SELL"
              },
              {
                "availability_zone": "ap-hongkong-3",
                "cbs_configs": [],
                "cpu_core_count": 4,
                "family": "SA5",
                "gpu_core_count": 0,
                "instance_charge_type": "POSTPAID_BY_HOUR",
                "instance_type": "SA5.LARGE16",
                "memory_size": 16,
                "status": "SELL"
              },
              {
                "availability_zone": "ap-hongkong-2",
                "cbs_configs": [],
                "cpu_core_count": 4,
                "family": "SA5",
                "gpu_core_count": 0,
                "instance_charge_type": "SPOTPAID",
                "instance_type": "SA5.LARGE16",
                "memory_size": 16,
                "status": "SELL"
              },
              {
                "availability_zone": "ap-hongkong-3",
                "cbs_configs": [],
                "cpu_core_count": 4,
                "family": "SA5",
                "gpu_core_count": 0,
                "instance_charge_type": "SPOTPAID",
                "instance_type": "SA5.LARGE16",
                "memory_size": 16,
                "status": "SELL"
              }
            ],
            "memory_size": null,
            "result_output_file": null
          },
          "sensitive_attributes": []
        }
      ]
    },
    {
      "mode": "managed",
      "type": "null_resource",
      "name": "connect_ubuntu",
      "provider": "provider[\"registry.terraform.io/hashicorp/null\"]",
      "instances": [
        {
          "schema_version": 0,
          "attributes": {
            "id": "2081968976",
            "triggers": {
              "script_hash": "904de36f68f42982fabf5260bcc83a4e"
            }
          },
          "sensitive_attributes": [],
          "dependencies": [
            "data.tencentcloud_availability_zones_by_product.default",
            "data.tencentcloud_images.default",
            "data.tencentcloud_instance_types.default",
            "tencentcloud_instance.web",
            "tencentcloud_security_group.default",
            "tencentcloud_security_group_rule_set.default"
          ]
        }
      ]
    },
    {
      "mode": "managed",
      "type": "tencentcloud_instance",
      "name": "web",
      "provider": "provider[\"registry.terraform.io/tencentcloudstack/tencentcloud\"]",
      "instances": [
        {
          "index_key": 0,
          "schema_version": 0,
          "attributes": {
            "allocate_public_ip": true,
            "availability_zone": "ap-hongkong-2",
            "bandwidth_package_id": null,
            "cam_role_name": "",
            "cdh_host_id": null,
            "cdh_instance_type": null,
            "cpu": 4,
            "create_time": "2025-03-08T19:01:09Z",
            "data_disks": [],
            "dedicated_cluster_id": "",
            "disable_api_termination": false,
            "disable_automation_service": false,
            "disable_monitor_service": false,
            "disable_security_service": false,
            "expired_time": "",
            "force_delete": false,
            "hostname": null,
            "id": "ins-krcf6gw2",
            "image_id": "img-mmytdhbn",
            "instance_charge_type": "POSTPAID_BY_HOUR",
            "instance_charge_type_prepaid_period": null,
            "instance_charge_type_prepaid_renew_flag": "",
            "instance_count": null,
            "instance_name": "web server",
            "instance_status": "RUNNING",
            "instance_type": "SA5.LARGE8",
            "internet_charge_type": "TRAFFIC_POSTPAID_BY_HOUR",
            "internet_max_bandwidth_out": 100,
            "keep_image_login": null,
            "key_ids": [],
            "key_name": "",
            "memory": 8,
            "orderly_security_groups": [
              "sg-4vkyap6h"
            ],
            "os_name": "Ubuntu Server 24.04 LTS 64bit",
            "password": "password123",
            "placement_group_id": null,
            "private_ip": "172.19.0.5",
            "project_id": 0,
            "public_ip": "129.226.132.52",
            "running_flag": true,
            "security_groups": [
              "sg-4vkyap6h"
            ],
            "spot_instance_type": null,
            "spot_max_price": null,
            "stopped_mode": null,
            "subnet_id": "subnet-9eq1yrkd",
            "system_disk_id": "disk-9afxdolm",
            "system_disk_name": "web server_SYSTEM_DISK",
            "system_disk_resize_online": null,
            "system_disk_size": 50,
            "system_disk_type": "CLOUD_BSSD",
            "tags": null,
            "timeouts": null,
            "user_data": null,
            "user_data_raw": null,
            "uuid": "052ecbc5-4bd9-45e2-a5d0-1e4fb602aa95",
            "vpc_id": "vpc-esgky368"
          },
          "sensitive_attributes": [
            [
              {
                "type": "get_attr",
                "value": "password"
              }
            ]
          ],
          "private": "eyJlMmJmYjczMC1lY2FhLTExZTYtOGY4OC0zNDM2M2JjN2M0YzAiOnsiY3JlYXRlIjo5MDAwMDAwMDAwMDB9fQ==",
          "dependencies": [
            "data.tencentcloud_availability_zones_by_product.default",
            "data.tencentcloud_images.default",
            "data.tencentcloud_instance_types.default",
            "tencentcloud_security_group.default",
            "tencentcloud_security_group_rule_set.default"
          ]
        }
      ]
    },
    {
      "mode": "managed",
      "type": "tencentcloud_security_group",
      "name": "default",
      "provider": "provider[\"registry.terraform.io/tencentcloudstack/tencentcloud\"]",
      "instances": [
        {
          "schema_version": 0,
          "attributes": {
            "description": "make it accessible for both production and stage ports",
            "id": "sg-4vkyap6h",
            "name": "tf-security-group",
            "project_id": 0,
            "tags": null
          },
          "sensitive_attributes": [],
          "private": "bnVsbA=="
        }
      ]
    },
    {
      "mode": "managed",
      "type": "tencentcloud_security_group_rule_set",
      "name": "default",
      "provider": "provider[\"registry.terraform.io/tencentcloudstack/tencentcloud\"]",
      "instances": [
        {
          "schema_version": 0,
          "attributes": {
            "egress": [
              {
                "action": "ACCEPT",
                "address_template_group": "",
                "address_template_id": "",
                "cidr_block": "0.0.0.0/0",
                "description": "",
                "ipv6_cidr_block": "",
                "policy_index": 0,
                "port": "ALL",
                "protocol": "ALL",
                "service_template_group": "",
                "service_template_id": "",
                "source_security_id": ""
              }
            ],
            "id": "sg-4vkyap6h",
            "ingress": [
              {
                "action": "ACCEPT",
                "address_template_group": "",
                "address_template_id": "",
                "cidr_block": "0.0.0.0/0",
                "description": "",
                "ipv6_cidr_block": "",
                "policy_index": 0,
                "port": "22",
                "protocol": "TCP",
                "service_template_group": "",
                "service_template_id": "",
                "source_security_id": ""
              },
              {
                "action": "ACCEPT",
                "address_template_group": "",
                "address_template_id": "",
                "cidr_block": "0.0.0.0/0",
                "description": "",
                "ipv6_cidr_block": "",
                "policy_index": 1,
                "port": "6443",
                "protocol": "TCP",
                "service_template_group": "",
                "service_template_id": "",
                "source_security_id": ""
              },
              {
                "action": "ACCEPT",
                "address_template_group": "",
                "address_template_id": "",
                "cidr_block": "0.0.0.0/0",
                "description": "",
                "ipv6_cidr_block": "",
                "policy_index": 2,
                "port": "ALL",
                "protocol": "TCP",
                "service_template_group": "",
                "service_template_id": "",
                "source_security_id": ""
              }
            ],
            "security_group_id": "sg-4vkyap6h",
            "version": "1"
          },
          "sensitive_attributes": [],
          "private": "bnVsbA==",
          "dependencies": [
            "tencentcloud_security_group.default"
          ]
        }
      ]
    }
  ],
  "check_results": null
}
